// !$*UTF8*$!
{
	archiveVersion = 1;
	classes = {
	};
	objectVersion = 56;
	objects = {

/* Begin PBXBuildFile section */
		EF0372D92CBDEC8F00694F89 /* PeteBJJCompFeed.framework in Frameworks */ = {isa = PBXBuildFile; fileRef = EF0372CE2CBDEC8F00694F89 /* PeteBJJCompFeed.framework */; };
		EF0372E92CBDED3600694F89 /* Competition.swift in Sources */ = {isa = PBXBuildFile; fileRef = EF0372E82CBDED3600694F89 /* Competition.swift */; };
		EF0372EB2CBDEEDC00694F89 /* CompetitionsLoader.swift in Sources */ = {isa = PBXBuildFile; fileRef = EF0372EA2CBDEEDC00694F89 /* CompetitionsLoader.swift */; };
		EF0372EE2CBDF28600694F89 /* LoadCompetitionsFromServerUseCaseTests.swift in Sources */ = {isa = PBXBuildFile; fileRef = EF0372ED2CBDF28600694F89 /* LoadCompetitionsFromServerUseCaseTests.swift */; };
		EF0372F12CBEE9F500694F89 /* RemoteCompetitionsLoader.swift in Sources */ = {isa = PBXBuildFile; fileRef = EF0372F02CBEE9F500694F89 /* RemoteCompetitionsLoader.swift */; };
		EF41EDDB2CD168C500A5F976 /* CoreDataCompetitionsStore+CompetitionsStore.swift in Sources */ = {isa = PBXBuildFile; fileRef = EF41EDDA2CD168C500A5F976 /* CoreDataCompetitionsStore+CompetitionsStore.swift */; };
		EF695FF92CD2B618009249D9 /* CompetitionsStore.xcdatamodeld in Sources */ = {isa = PBXBuildFile; fileRef = EF695FF52CD2B601009249D9 /* CompetitionsStore.xcdatamodeld */; };
		EF73260D2CC75D3500E819DE /* LocalCompetitionsLoader.swift in Sources */ = {isa = PBXBuildFile; fileRef = EF73260C2CC75D3500E819DE /* LocalCompetitionsLoader.swift */; };
		EF7326112CC762D500E819DE /* CompetitionsStore.swift in Sources */ = {isa = PBXBuildFile; fileRef = EF7326102CC762D500E819DE /* CompetitionsStore.swift */; };
		EF7326132CC7FD0300E819DE /* LocalCompetition.swift in Sources */ = {isa = PBXBuildFile; fileRef = EF7326122CC7FD0300E819DE /* LocalCompetition.swift */; };
		EF7326172CC812F600E819DE /* LoadCompetitionsFromCacheUseCaseTests.swift in Sources */ = {isa = PBXBuildFile; fileRef = EF7326162CC812F600E819DE /* LoadCompetitionsFromCacheUseCaseTests.swift */; };
		EF73261A2CC8143500E819DE /* CompetitionsStoreSpy.swift in Sources */ = {isa = PBXBuildFile; fileRef = EF7326192CC8143500E819DE /* CompetitionsStoreSpy.swift */; };
		EFAD8AD12CC2DFC700981FB9 /* HTTPClient.swift in Sources */ = {isa = PBXBuildFile; fileRef = EFAD8AD02CC2DFC700981FB9 /* HTTPClient.swift */; };
		EFAD8AD32CC2E01700981FB9 /* CompetitionsMapper.swift in Sources */ = {isa = PBXBuildFile; fileRef = EFAD8AD22CC2E01700981FB9 /* CompetitionsMapper.swift */; };
		EFAD8AD62CC30AF200981FB9 /* URLSessionHTTPClientTests.swift in Sources */ = {isa = PBXBuildFile; fileRef = EFAD8AD52CC30AF200981FB9 /* URLSessionHTTPClientTests.swift */; };
		EFAD8AD92CC5170700981FB9 /* XCTestCase+MemoryLeakTracking.swift in Sources */ = {isa = PBXBuildFile; fileRef = EFAD8AD82CC5170700981FB9 /* XCTestCase+MemoryLeakTracking.swift */; };
		EFAD8ADB2CC52B7C00981FB9 /* URLSessionHTTPClient.swift in Sources */ = {isa = PBXBuildFile; fileRef = EFAD8ADA2CC52B7C00981FB9 /* URLSessionHTTPClient.swift */; };
		EFAD8AE32CC5871700981FB9 /* BJJCompetitionsFinderAPIEndToEndTests.swift in Sources */ = {isa = PBXBuildFile; fileRef = EFAD8AE22CC5871700981FB9 /* BJJCompetitionsFinderAPIEndToEndTests.swift */; };
		EFAD8AE42CC5871700981FB9 /* PeteBJJCompFeed.framework in Frameworks */ = {isa = PBXBuildFile; fileRef = EF0372CE2CBDEC8F00694F89 /* PeteBJJCompFeed.framework */; };
		EFAD8AEA2CC5F6B200981FB9 /* XCTestCase+MemoryLeakTracking.swift in Sources */ = {isa = PBXBuildFile; fileRef = EFAD8AD82CC5170700981FB9 /* XCTestCase+MemoryLeakTracking.swift */; };
		EFAD8AED2CC616BC00981FB9 /* RemoteCompetition.swift in Sources */ = {isa = PBXBuildFile; fileRef = EFAD8AEC2CC616BC00981FB9 /* RemoteCompetition.swift */; };
		EFAD8AF02CC617D000981FB9 /* Date+Extensions.swift in Sources */ = {isa = PBXBuildFile; fileRef = EFAD8AEF2CC617D000981FB9 /* Date+Extensions.swift */; };
		EFAD8AF32CC6F32400981FB9 /* CacheCompetitionsUseCaseTests.swift in Sources */ = {isa = PBXBuildFile; fileRef = EFAD8AF22CC6F32400981FB9 /* CacheCompetitionsUseCaseTests.swift */; };
		EFBCDF3D2CC913210042FA59 /* CompetitionsCachePolicy.swift in Sources */ = {isa = PBXBuildFile; fileRef = EFBCDF3C2CC913210042FA59 /* CompetitionsCachePolicy.swift */; };
		EFE34E992CD0422B0052096C /* PeteBJJCompFeedCacheIntegrationTests.swift in Sources */ = {isa = PBXBuildFile; fileRef = EFE34E982CD0422B0052096C /* PeteBJJCompFeedCacheIntegrationTests.swift */; };
		EFE34E9A2CD0422B0052096C /* PeteBJJCompFeed.framework in Frameworks */ = {isa = PBXBuildFile; fileRef = EF0372CE2CBDEC8F00694F89 /* PeteBJJCompFeed.framework */; };
		EFE34EA02CD0444D0052096C /* XCTestCase+MemoryLeakTracking.swift in Sources */ = {isa = PBXBuildFile; fileRef = EFAD8AD82CC5170700981FB9 /* XCTestCase+MemoryLeakTracking.swift */; };
		EFE34EA12CD048A20052096C /* SharedTestHelpers.swift in Sources */ = {isa = PBXBuildFile; fileRef = EFE3B5B92CCCFDFC009E9195 /* SharedTestHelpers.swift */; };
		EFE3B5AF2CCCF3A9009E9195 /* CompetitionsStoreSpecs.swift in Sources */ = {isa = PBXBuildFile; fileRef = EFE3B5AE2CCCF3A9009E9195 /* CompetitionsStoreSpecs.swift */; };
		EFE3B5B12CCCF65F009E9195 /* XCTestCase+CompetitionsStoreSpecs.swift in Sources */ = {isa = PBXBuildFile; fileRef = EFE3B5B02CCCF65F009E9195 /* XCTestCase+CompetitionsStoreSpecs.swift */; };
		EFE3B5B32CCCF80F009E9195 /* XCTestCase+FailableRetrieveCompetitionsStoreSpecs.swift in Sources */ = {isa = PBXBuildFile; fileRef = EFE3B5B22CCCF80F009E9195 /* XCTestCase+FailableRetrieveCompetitionsStoreSpecs.swift */; };
		EFE3B5B52CCCFA2B009E9195 /* XCTestCase+FailableInsertCompetitionsStoreSpecs.swift in Sources */ = {isa = PBXBuildFile; fileRef = EFE3B5B42CCCFA2B009E9195 /* XCTestCase+FailableInsertCompetitionsStoreSpecs.swift */; };
		EFE3B5B72CCCFC44009E9195 /* XCTestCase+FailableDeleteCompetitionsStoreSpecs.swift in Sources */ = {isa = PBXBuildFile; fileRef = EFE3B5B62CCCFC44009E9195 /* XCTestCase+FailableDeleteCompetitionsStoreSpecs.swift */; };
		EFE3B5BA2CCCFDFC009E9195 /* SharedTestHelpers.swift in Sources */ = {isa = PBXBuildFile; fileRef = EFE3B5B92CCCFDFC009E9195 /* SharedTestHelpers.swift */; };
		EFE3B5BC2CCDEDA1009E9195 /* CoreDataCompetitionsStoreTests.swift in Sources */ = {isa = PBXBuildFile; fileRef = EFE3B5BB2CCDEDA1009E9195 /* CoreDataCompetitionsStoreTests.swift */; };
		EFE3B5C02CCE4543009E9195 /* CoreDataCompetitionsStore.swift in Sources */ = {isa = PBXBuildFile; fileRef = EFE3B5BF2CCE4543009E9195 /* CoreDataCompetitionsStore.swift */; };
/* End PBXBuildFile section */

/* Begin PBXContainerItemProxy section */
		EF0372DA2CBDEC8F00694F89 /* PBXContainerItemProxy */ = {
			isa = PBXContainerItemProxy;
			containerPortal = EF0372C52CBDEC8F00694F89 /* Project object */;
			proxyType = 1;
			remoteGlobalIDString = EF0372CD2CBDEC8F00694F89;
			remoteInfo = PeteBJJCompFeed;
		};
		EFAD8AE52CC5871700981FB9 /* PBXContainerItemProxy */ = {
			isa = PBXContainerItemProxy;
			containerPortal = EF0372C52CBDEC8F00694F89 /* Project object */;
			proxyType = 1;
			remoteGlobalIDString = EF0372CD2CBDEC8F00694F89;
			remoteInfo = PeteBJJCompFeed;
		};
		EFE34E9B2CD0422B0052096C /* PBXContainerItemProxy */ = {
			isa = PBXContainerItemProxy;
			containerPortal = EF0372C52CBDEC8F00694F89 /* Project object */;
			proxyType = 1;
			remoteGlobalIDString = EF0372CD2CBDEC8F00694F89;
			remoteInfo = PeteBJJCompFeed;
		};
/* End PBXContainerItemProxy section */

/* Begin PBXFileReference section */
		EF0372CE2CBDEC8F00694F89 /* PeteBJJCompFeed.framework */ = {isa = PBXFileReference; explicitFileType = wrapper.framework; includeInIndex = 0; path = PeteBJJCompFeed.framework; sourceTree = BUILT_PRODUCTS_DIR; };
		EF0372D82CBDEC8F00694F89 /* PeteBJJCompFeedTests.xctest */ = {isa = PBXFileReference; explicitFileType = wrapper.cfbundle; includeInIndex = 0; path = PeteBJJCompFeedTests.xctest; sourceTree = BUILT_PRODUCTS_DIR; };
		EF0372E82CBDED3600694F89 /* Competition.swift */ = {isa = PBXFileReference; lastKnownFileType = sourcecode.swift; path = Competition.swift; sourceTree = "<group>"; };
		EF0372EA2CBDEEDC00694F89 /* CompetitionsLoader.swift */ = {isa = PBXFileReference; lastKnownFileType = sourcecode.swift; path = CompetitionsLoader.swift; sourceTree = "<group>"; };
		EF0372ED2CBDF28600694F89 /* LoadCompetitionsFromServerUseCaseTests.swift */ = {isa = PBXFileReference; lastKnownFileType = sourcecode.swift; path = LoadCompetitionsFromServerUseCaseTests.swift; sourceTree = "<group>"; };
		EF0372F02CBEE9F500694F89 /* RemoteCompetitionsLoader.swift */ = {isa = PBXFileReference; lastKnownFileType = sourcecode.swift; path = RemoteCompetitionsLoader.swift; sourceTree = "<group>"; };
		EF41EDDA2CD168C500A5F976 /* CoreDataCompetitionsStore+CompetitionsStore.swift */ = {isa = PBXFileReference; lastKnownFileType = sourcecode.swift; path = "CoreDataCompetitionsStore+CompetitionsStore.swift"; sourceTree = "<group>"; };
		EF695FF62CD2B601009249D9 /* CompetitionsStore.xcdatamodel */ = {isa = PBXFileReference; lastKnownFileType = wrapper.xcdatamodel; path = CompetitionsStore.xcdatamodel; sourceTree = "<group>"; };
		EF695FF72CD2B601009249D9 /* CompetitionsStore2.xcdatamodel */ = {isa = PBXFileReference; lastKnownFileType = wrapper.xcdatamodel; path = CompetitionsStore2.xcdatamodel; sourceTree = "<group>"; };
		EF73260C2CC75D3500E819DE /* LocalCompetitionsLoader.swift */ = {isa = PBXFileReference; lastKnownFileType = sourcecode.swift; path = LocalCompetitionsLoader.swift; sourceTree = "<group>"; };
		EF7326102CC762D500E819DE /* CompetitionsStore.swift */ = {isa = PBXFileReference; lastKnownFileType = sourcecode.swift; path = CompetitionsStore.swift; sourceTree = "<group>"; };
		EF7326122CC7FD0300E819DE /* LocalCompetition.swift */ = {isa = PBXFileReference; lastKnownFileType = sourcecode.swift; path = LocalCompetition.swift; sourceTree = "<group>"; };
		EF7326162CC812F600E819DE /* LoadCompetitionsFromCacheUseCaseTests.swift */ = {isa = PBXFileReference; lastKnownFileType = sourcecode.swift; path = LoadCompetitionsFromCacheUseCaseTests.swift; sourceTree = "<group>"; };
		EF7326192CC8143500E819DE /* CompetitionsStoreSpy.swift */ = {isa = PBXFileReference; lastKnownFileType = sourcecode.swift; path = CompetitionsStoreSpy.swift; sourceTree = "<group>"; };
		EFAD8AD02CC2DFC700981FB9 /* HTTPClient.swift */ = {isa = PBXFileReference; lastKnownFileType = sourcecode.swift; path = HTTPClient.swift; sourceTree = "<group>"; };
		EFAD8AD22CC2E01700981FB9 /* CompetitionsMapper.swift */ = {isa = PBXFileReference; lastKnownFileType = sourcecode.swift; path = CompetitionsMapper.swift; sourceTree = "<group>"; };
		EFAD8AD52CC30AF200981FB9 /* URLSessionHTTPClientTests.swift */ = {isa = PBXFileReference; lastKnownFileType = sourcecode.swift; path = URLSessionHTTPClientTests.swift; sourceTree = "<group>"; };
		EFAD8AD82CC5170700981FB9 /* XCTestCase+MemoryLeakTracking.swift */ = {isa = PBXFileReference; lastKnownFileType = sourcecode.swift; path = "XCTestCase+MemoryLeakTracking.swift"; sourceTree = "<group>"; };
		EFAD8ADA2CC52B7C00981FB9 /* URLSessionHTTPClient.swift */ = {isa = PBXFileReference; lastKnownFileType = sourcecode.swift; path = URLSessionHTTPClient.swift; sourceTree = "<group>"; };
		EFAD8AE02CC5871700981FB9 /* PeteBJJCompFeedAPIEndToEndTests.xctest */ = {isa = PBXFileReference; explicitFileType = wrapper.cfbundle; includeInIndex = 0; path = PeteBJJCompFeedAPIEndToEndTests.xctest; sourceTree = BUILT_PRODUCTS_DIR; };
		EFAD8AE22CC5871700981FB9 /* BJJCompetitionsFinderAPIEndToEndTests.swift */ = {isa = PBXFileReference; lastKnownFileType = sourcecode.swift; path = BJJCompetitionsFinderAPIEndToEndTests.swift; sourceTree = "<group>"; };
		EFAD8AEB2CC5F83800981FB9 /* CI.xctestplan */ = {isa = PBXFileReference; lastKnownFileType = text; name = CI.xctestplan; path = PeteBJJCompFeedTests/CI.xctestplan; sourceTree = "<group>"; };
		EFAD8AEC2CC616BC00981FB9 /* RemoteCompetition.swift */ = {isa = PBXFileReference; lastKnownFileType = sourcecode.swift; path = RemoteCompetition.swift; sourceTree = "<group>"; };
		EFAD8AEF2CC617D000981FB9 /* Date+Extensions.swift */ = {isa = PBXFileReference; lastKnownFileType = sourcecode.swift; path = "Date+Extensions.swift"; sourceTree = "<group>"; };
		EFAD8AF22CC6F32400981FB9 /* CacheCompetitionsUseCaseTests.swift */ = {isa = PBXFileReference; lastKnownFileType = sourcecode.swift; path = CacheCompetitionsUseCaseTests.swift; sourceTree = "<group>"; };
		EFBCDF3C2CC913210042FA59 /* CompetitionsCachePolicy.swift */ = {isa = PBXFileReference; lastKnownFileType = sourcecode.swift; path = CompetitionsCachePolicy.swift; sourceTree = "<group>"; };
		EFE34E962CD0422B0052096C /* PeteBJJCompFeedCacheIntegrationTests.xctest */ = {isa = PBXFileReference; explicitFileType = wrapper.cfbundle; includeInIndex = 0; path = PeteBJJCompFeedCacheIntegrationTests.xctest; sourceTree = BUILT_PRODUCTS_DIR; };
		EFE34E982CD0422B0052096C /* PeteBJJCompFeedCacheIntegrationTests.swift */ = {isa = PBXFileReference; lastKnownFileType = sourcecode.swift; path = PeteBJJCompFeedCacheIntegrationTests.swift; sourceTree = "<group>"; };
		EFE3B5AE2CCCF3A9009E9195 /* CompetitionsStoreSpecs.swift */ = {isa = PBXFileReference; lastKnownFileType = sourcecode.swift; path = CompetitionsStoreSpecs.swift; sourceTree = "<group>"; };
		EFE3B5B02CCCF65F009E9195 /* XCTestCase+CompetitionsStoreSpecs.swift */ = {isa = PBXFileReference; lastKnownFileType = sourcecode.swift; path = "XCTestCase+CompetitionsStoreSpecs.swift"; sourceTree = "<group>"; };
		EFE3B5B22CCCF80F009E9195 /* XCTestCase+FailableRetrieveCompetitionsStoreSpecs.swift */ = {isa = PBXFileReference; lastKnownFileType = sourcecode.swift; path = "XCTestCase+FailableRetrieveCompetitionsStoreSpecs.swift"; sourceTree = "<group>"; };
		EFE3B5B42CCCFA2B009E9195 /* XCTestCase+FailableInsertCompetitionsStoreSpecs.swift */ = {isa = PBXFileReference; lastKnownFileType = sourcecode.swift; path = "XCTestCase+FailableInsertCompetitionsStoreSpecs.swift"; sourceTree = "<group>"; };
		EFE3B5B62CCCFC44009E9195 /* XCTestCase+FailableDeleteCompetitionsStoreSpecs.swift */ = {isa = PBXFileReference; lastKnownFileType = sourcecode.swift; path = "XCTestCase+FailableDeleteCompetitionsStoreSpecs.swift"; sourceTree = "<group>"; };
		EFE3B5B92CCCFDFC009E9195 /* SharedTestHelpers.swift */ = {isa = PBXFileReference; lastKnownFileType = sourcecode.swift; path = SharedTestHelpers.swift; sourceTree = "<group>"; };
		EFE3B5BB2CCDEDA1009E9195 /* CoreDataCompetitionsStoreTests.swift */ = {isa = PBXFileReference; lastKnownFileType = sourcecode.swift; path = CoreDataCompetitionsStoreTests.swift; sourceTree = "<group>"; };
		EFE3B5BF2CCE4543009E9195 /* CoreDataCompetitionsStore.swift */ = {isa = PBXFileReference; lastKnownFileType = sourcecode.swift; path = CoreDataCompetitionsStore.swift; sourceTree = "<group>"; };
/* End PBXFileReference section */

/* Begin PBXFrameworksBuildPhase section */
		EF0372CB2CBDEC8F00694F89 /* Frameworks */ = {
			isa = PBXFrameworksBuildPhase;
			buildActionMask = 2147483647;
			files = (
			);
			runOnlyForDeploymentPostprocessing = 0;
		};
		EF0372D52CBDEC8F00694F89 /* Frameworks */ = {
			isa = PBXFrameworksBuildPhase;
			buildActionMask = 2147483647;
			files = (
				EF0372D92CBDEC8F00694F89 /* PeteBJJCompFeed.framework in Frameworks */,
			);
			runOnlyForDeploymentPostprocessing = 0;
		};
		EFAD8ADD2CC5871700981FB9 /* Frameworks */ = {
			isa = PBXFrameworksBuildPhase;
			buildActionMask = 2147483647;
			files = (
				EFAD8AE42CC5871700981FB9 /* PeteBJJCompFeed.framework in Frameworks */,
			);
			runOnlyForDeploymentPostprocessing = 0;
		};
		EFE34E932CD0422B0052096C /* Frameworks */ = {
			isa = PBXFrameworksBuildPhase;
			buildActionMask = 2147483647;
			files = (
				EFE34E9A2CD0422B0052096C /* PeteBJJCompFeed.framework in Frameworks */,
			);
			runOnlyForDeploymentPostprocessing = 0;
		};
/* End PBXFrameworksBuildPhase section */

/* Begin PBXGroup section */
		EF0372C42CBDEC8F00694F89 = {
			isa = PBXGroup;
			children = (
				EFAD8AEB2CC5F83800981FB9 /* CI.xctestplan */,
				EF0372D02CBDEC8F00694F89 /* PeteBJJCompFeed */,
				EF0372DC2CBDEC8F00694F89 /* PeteBJJCompFeedTests */,
				EFAD8AE12CC5871700981FB9 /* PeteBJJCompFeedAPIEndToEndTests */,
				EFE34E972CD0422B0052096C /* PeteBJJCompFeedCacheIntegrationTests */,
				EF0372CF2CBDEC8F00694F89 /* Products */,
			);
			sourceTree = "<group>";
		};
		EF0372CF2CBDEC8F00694F89 /* Products */ = {
			isa = PBXGroup;
			children = (
				EF0372CE2CBDEC8F00694F89 /* PeteBJJCompFeed.framework */,
				EF0372D82CBDEC8F00694F89 /* PeteBJJCompFeedTests.xctest */,
				EFAD8AE02CC5871700981FB9 /* PeteBJJCompFeedAPIEndToEndTests.xctest */,
				EFE34E962CD0422B0052096C /* PeteBJJCompFeedCacheIntegrationTests.xctest */,
			);
			name = Products;
			sourceTree = "<group>";
		};
		EF0372D02CBDEC8F00694F89 /* PeteBJJCompFeed */ = {
			isa = PBXGroup;
			children = (
				EF73260B2CC75D1500E819DE /* CompetitionsCache */,
				EF0372EC2CBDF02D00694F89 /* CompetitionsFeature */,
				EF0372EF2CBEE98C00694F89 /* CompetitionsAPI */,
			);
			path = PeteBJJCompFeed;
			sourceTree = "<group>";
		};
		EF0372DC2CBDEC8F00694F89 /* PeteBJJCompFeedTests */ = {
			isa = PBXGroup;
			children = (
				EFAD8AD72CC516BE00981FB9 /* Helpers */,
				EFAD8AF12CC6F29700981FB9 /* CompetitionsCache */,
				EFAD8AD42CC2E74C00981FB9 /* CompetitionsAPI */,
			);
			path = PeteBJJCompFeedTests;
			sourceTree = "<group>";
		};
		EF0372EC2CBDF02D00694F89 /* CompetitionsFeature */ = {
			isa = PBXGroup;
			children = (
				EF0372E82CBDED3600694F89 /* Competition.swift */,
				EFAD8AEC2CC616BC00981FB9 /* RemoteCompetition.swift */,
				EF7326122CC7FD0300E819DE /* LocalCompetition.swift */,
				EF0372EA2CBDEEDC00694F89 /* CompetitionsLoader.swift */,
			);
			path = CompetitionsFeature;
			sourceTree = "<group>";
		};
		EF0372EF2CBEE98C00694F89 /* CompetitionsAPI */ = {
			isa = PBXGroup;
			children = (
				EFAD8AEE2CC617B600981FB9 /* Helpers */,
				EF0372F02CBEE9F500694F89 /* RemoteCompetitionsLoader.swift */,
				EFAD8AD22CC2E01700981FB9 /* CompetitionsMapper.swift */,
				EFAD8AD02CC2DFC700981FB9 /* HTTPClient.swift */,
				EFAD8ADA2CC52B7C00981FB9 /* URLSessionHTTPClient.swift */,
			);
			path = CompetitionsAPI;
			sourceTree = "<group>";
		};
		EF73260B2CC75D1500E819DE /* CompetitionsCache */ = {
			isa = PBXGroup;
			children = (
				EF73260C2CC75D3500E819DE /* LocalCompetitionsLoader.swift */,
				EF7326102CC762D500E819DE /* CompetitionsStore.swift */,
				EFBCDF3C2CC913210042FA59 /* CompetitionsCachePolicy.swift */,
				EFE3B5AE2CCCF3A9009E9195 /* CompetitionsStoreSpecs.swift */,
				EFE3B5BF2CCE4543009E9195 /* CoreDataCompetitionsStore.swift */,
				EF41EDDA2CD168C500A5F976 /* CoreDataCompetitionsStore+CompetitionsStore.swift */,
				EF695FF52CD2B601009249D9 /* CompetitionsStore.xcdatamodeld */,
			);
			path = CompetitionsCache;
			sourceTree = "<group>";
		};
		EF7326182CC813FE00E819DE /* Helpers */ = {
			isa = PBXGroup;
			children = (
				EF7326192CC8143500E819DE /* CompetitionsStoreSpy.swift */,
			);
			path = Helpers;
			sourceTree = "<group>";
		};
		EFAD8AD42CC2E74C00981FB9 /* CompetitionsAPI */ = {
			isa = PBXGroup;
			children = (
				EF0372ED2CBDF28600694F89 /* LoadCompetitionsFromServerUseCaseTests.swift */,
				EFAD8AD52CC30AF200981FB9 /* URLSessionHTTPClientTests.swift */,
			);
			path = CompetitionsAPI;
			sourceTree = "<group>";
		};
		EFAD8AD72CC516BE00981FB9 /* Helpers */ = {
			isa = PBXGroup;
			children = (
				EFAD8AD82CC5170700981FB9 /* XCTestCase+MemoryLeakTracking.swift */,
				EFE3B5B92CCCFDFC009E9195 /* SharedTestHelpers.swift */,
			);
			path = Helpers;
			sourceTree = "<group>";
		};
		EFAD8AE12CC5871700981FB9 /* PeteBJJCompFeedAPIEndToEndTests */ = {
			isa = PBXGroup;
			children = (
				EFAD8AE22CC5871700981FB9 /* BJJCompetitionsFinderAPIEndToEndTests.swift */,
			);
			path = PeteBJJCompFeedAPIEndToEndTests;
			sourceTree = "<group>";
		};
		EFAD8AEE2CC617B600981FB9 /* Helpers */ = {
			isa = PBXGroup;
			children = (
				EFAD8AEF2CC617D000981FB9 /* Date+Extensions.swift */,
			);
			path = Helpers;
			sourceTree = "<group>";
		};
		EFAD8AF12CC6F29700981FB9 /* CompetitionsCache */ = {
			isa = PBXGroup;
			children = (
				EF7326182CC813FE00E819DE /* Helpers */,
				EFE3B5B82CCCFD48009E9195 /* CompetitionsStoreSpecs */,
				EFAD8AF22CC6F32400981FB9 /* CacheCompetitionsUseCaseTests.swift */,
				EF7326162CC812F600E819DE /* LoadCompetitionsFromCacheUseCaseTests.swift */,
				EFE3B5BB2CCDEDA1009E9195 /* CoreDataCompetitionsStoreTests.swift */,
			);
			path = CompetitionsCache;
			sourceTree = "<group>";
		};
		EFE34E972CD0422B0052096C /* PeteBJJCompFeedCacheIntegrationTests */ = {
			isa = PBXGroup;
			children = (
				EFE34E982CD0422B0052096C /* PeteBJJCompFeedCacheIntegrationTests.swift */,
			);
			path = PeteBJJCompFeedCacheIntegrationTests;
			sourceTree = "<group>";
		};
		EFE3B5B82CCCFD48009E9195 /* CompetitionsStoreSpecs */ = {
			isa = PBXGroup;
			children = (
				EFE3B5B02CCCF65F009E9195 /* XCTestCase+CompetitionsStoreSpecs.swift */,
				EFE3B5B22CCCF80F009E9195 /* XCTestCase+FailableRetrieveCompetitionsStoreSpecs.swift */,
				EFE3B5B42CCCFA2B009E9195 /* XCTestCase+FailableInsertCompetitionsStoreSpecs.swift */,
				EFE3B5B62CCCFC44009E9195 /* XCTestCase+FailableDeleteCompetitionsStoreSpecs.swift */,
			);
			path = CompetitionsStoreSpecs;
			sourceTree = "<group>";
		};
/* End PBXGroup section */

/* Begin PBXHeadersBuildPhase section */
		EF0372C92CBDEC8F00694F89 /* Headers */ = {
			isa = PBXHeadersBuildPhase;
			buildActionMask = 2147483647;
			files = (
			);
			runOnlyForDeploymentPostprocessing = 0;
		};
/* End PBXHeadersBuildPhase section */

/* Begin PBXNativeTarget section */
		EF0372CD2CBDEC8F00694F89 /* PeteBJJCompFeed */ = {
			isa = PBXNativeTarget;
			buildConfigurationList = EF0372E22CBDEC8F00694F89 /* Build configuration list for PBXNativeTarget "PeteBJJCompFeed" */;
			buildPhases = (
				EF0372C92CBDEC8F00694F89 /* Headers */,
				EF0372CA2CBDEC8F00694F89 /* Sources */,
				EF0372CB2CBDEC8F00694F89 /* Frameworks */,
				EF0372CC2CBDEC8F00694F89 /* Resources */,
			);
			buildRules = (
			);
			dependencies = (
			);
			name = PeteBJJCompFeed;
			productName = PeteBJJCompFeed;
			productReference = EF0372CE2CBDEC8F00694F89 /* PeteBJJCompFeed.framework */;
			productType = "com.apple.product-type.framework";
		};
		EF0372D72CBDEC8F00694F89 /* PeteBJJCompFeedTests */ = {
			isa = PBXNativeTarget;
			buildConfigurationList = EF0372E52CBDEC8F00694F89 /* Build configuration list for PBXNativeTarget "PeteBJJCompFeedTests" */;
			buildPhases = (
				EF0372D42CBDEC8F00694F89 /* Sources */,
				EF0372D52CBDEC8F00694F89 /* Frameworks */,
				EF0372D62CBDEC8F00694F89 /* Resources */,
			);
			buildRules = (
			);
			dependencies = (
				EF0372DB2CBDEC8F00694F89 /* PBXTargetDependency */,
			);
			name = PeteBJJCompFeedTests;
			productName = PeteBJJCompFeedTests;
			productReference = EF0372D82CBDEC8F00694F89 /* PeteBJJCompFeedTests.xctest */;
			productType = "com.apple.product-type.bundle.unit-test";
		};
		EFAD8ADF2CC5871700981FB9 /* PeteBJJCompFeedAPIEndToEndTests */ = {
			isa = PBXNativeTarget;
			buildConfigurationList = EFAD8AE72CC5871700981FB9 /* Build configuration list for PBXNativeTarget "PeteBJJCompFeedAPIEndToEndTests" */;
			buildPhases = (
				EFAD8ADC2CC5871700981FB9 /* Sources */,
				EFAD8ADD2CC5871700981FB9 /* Frameworks */,
				EFAD8ADE2CC5871700981FB9 /* Resources */,
			);
			buildRules = (
			);
			dependencies = (
				EFAD8AE62CC5871700981FB9 /* PBXTargetDependency */,
			);
			name = PeteBJJCompFeedAPIEndToEndTests;
			productName = PeteBJJCompFeedAPIEndToEndTests;
			productReference = EFAD8AE02CC5871700981FB9 /* PeteBJJCompFeedAPIEndToEndTests.xctest */;
			productType = "com.apple.product-type.bundle.unit-test";
		};
		EFE34E952CD0422B0052096C /* PeteBJJCompFeedCacheIntegrationTests */ = {
			isa = PBXNativeTarget;
			buildConfigurationList = EFE34E9F2CD0422B0052096C /* Build configuration list for PBXNativeTarget "PeteBJJCompFeedCacheIntegrationTests" */;
			buildPhases = (
				EFE34E922CD0422B0052096C /* Sources */,
				EFE34E932CD0422B0052096C /* Frameworks */,
				EFE34E942CD0422B0052096C /* Resources */,
			);
			buildRules = (
			);
			dependencies = (
				EFE34E9C2CD0422B0052096C /* PBXTargetDependency */,
			);
			name = PeteBJJCompFeedCacheIntegrationTests;
			productName = PeteBJJCompFeedCacheIntegrationTests;
			productReference = EFE34E962CD0422B0052096C /* PeteBJJCompFeedCacheIntegrationTests.xctest */;
			productType = "com.apple.product-type.bundle.unit-test";
		};
/* End PBXNativeTarget section */

/* Begin PBXProject section */
		EF0372C52CBDEC8F00694F89 /* Project object */ = {
			isa = PBXProject;
			attributes = {
				BuildIndependentTargetsInParallel = 1;
				LastSwiftUpdateCheck = 1540;
				LastUpgradeCheck = 1540;
				TargetAttributes = {
					EF0372CD2CBDEC8F00694F89 = {
						CreatedOnToolsVersion = 15.4;
					};
					EF0372D72CBDEC8F00694F89 = {
						CreatedOnToolsVersion = 15.4;
					};
					EFAD8ADF2CC5871700981FB9 = {
						CreatedOnToolsVersion = 15.4;
					};
					EFE34E952CD0422B0052096C = {
						CreatedOnToolsVersion = 15.4;
					};
				};
			};
			buildConfigurationList = EF0372C82CBDEC8F00694F89 /* Build configuration list for PBXProject "PeteBJJCompFeed" */;
			compatibilityVersion = "Xcode 14.0";
			developmentRegion = en;
			hasScannedForEncodings = 0;
			knownRegions = (
				en,
				Base,
			);
			mainGroup = EF0372C42CBDEC8F00694F89;
			productRefGroup = EF0372CF2CBDEC8F00694F89 /* Products */;
			projectDirPath = "";
			projectRoot = "";
			targets = (
				EF0372CD2CBDEC8F00694F89 /* PeteBJJCompFeed */,
				EF0372D72CBDEC8F00694F89 /* PeteBJJCompFeedTests */,
				EFAD8ADF2CC5871700981FB9 /* PeteBJJCompFeedAPIEndToEndTests */,
				EFE34E952CD0422B0052096C /* PeteBJJCompFeedCacheIntegrationTests */,
			);
		};
/* End PBXProject section */

/* Begin PBXResourcesBuildPhase section */
		EF0372CC2CBDEC8F00694F89 /* Resources */ = {
			isa = PBXResourcesBuildPhase;
			buildActionMask = 2147483647;
			files = (
			);
			runOnlyForDeploymentPostprocessing = 0;
		};
		EF0372D62CBDEC8F00694F89 /* Resources */ = {
			isa = PBXResourcesBuildPhase;
			buildActionMask = 2147483647;
			files = (
			);
			runOnlyForDeploymentPostprocessing = 0;
		};
		EFAD8ADE2CC5871700981FB9 /* Resources */ = {
			isa = PBXResourcesBuildPhase;
			buildActionMask = 2147483647;
			files = (
			);
			runOnlyForDeploymentPostprocessing = 0;
		};
		EFE34E942CD0422B0052096C /* Resources */ = {
			isa = PBXResourcesBuildPhase;
			buildActionMask = 2147483647;
			files = (
			);
			runOnlyForDeploymentPostprocessing = 0;
		};
/* End PBXResourcesBuildPhase section */

/* Begin PBXSourcesBuildPhase section */
		EF0372CA2CBDEC8F00694F89 /* Sources */ = {
			isa = PBXSourcesBuildPhase;
			buildActionMask = 2147483647;
			files = (
				EF7326112CC762D500E819DE /* CompetitionsStore.swift in Sources */,
				EF695FF92CD2B618009249D9 /* CompetitionsStore.xcdatamodeld in Sources */,
				EFBCDF3D2CC913210042FA59 /* CompetitionsCachePolicy.swift in Sources */,
				EFE3B5AF2CCCF3A9009E9195 /* CompetitionsStoreSpecs.swift in Sources */,
				EFAD8ADB2CC52B7C00981FB9 /* URLSessionHTTPClient.swift in Sources */,
				EFAD8AED2CC616BC00981FB9 /* RemoteCompetition.swift in Sources */,
				EF73260D2CC75D3500E819DE /* LocalCompetitionsLoader.swift in Sources */,
				EFAD8AF02CC617D000981FB9 /* Date+Extensions.swift in Sources */,
				EF41EDDB2CD168C500A5F976 /* CoreDataCompetitionsStore+CompetitionsStore.swift in Sources */,
				EFE3B5C02CCE4543009E9195 /* CoreDataCompetitionsStore.swift in Sources */,
				EFAD8AD32CC2E01700981FB9 /* CompetitionsMapper.swift in Sources */,
				EF0372EB2CBDEEDC00694F89 /* CompetitionsLoader.swift in Sources */,
				EFAD8AD12CC2DFC700981FB9 /* HTTPClient.swift in Sources */,
				EF0372F12CBEE9F500694F89 /* RemoteCompetitionsLoader.swift in Sources */,
				EF0372E92CBDED3600694F89 /* Competition.swift in Sources */,
				EF7326132CC7FD0300E819DE /* LocalCompetition.swift in Sources */,
			);
			runOnlyForDeploymentPostprocessing = 0;
		};
		EF0372D42CBDEC8F00694F89 /* Sources */ = {
			isa = PBXSourcesBuildPhase;
			buildActionMask = 2147483647;
			files = (
				EF0372EE2CBDF28600694F89 /* LoadCompetitionsFromServerUseCaseTests.swift in Sources */,
				EFAD8AD62CC30AF200981FB9 /* URLSessionHTTPClientTests.swift in Sources */,
				EFE3B5B52CCCFA2B009E9195 /* XCTestCase+FailableInsertCompetitionsStoreSpecs.swift in Sources */,
				EF73261A2CC8143500E819DE /* CompetitionsStoreSpy.swift in Sources */,
				EFE3B5BC2CCDEDA1009E9195 /* CoreDataCompetitionsStoreTests.swift in Sources */,
				EFE3B5B72CCCFC44009E9195 /* XCTestCase+FailableDeleteCompetitionsStoreSpecs.swift in Sources */,
				EF7326172CC812F600E819DE /* LoadCompetitionsFromCacheUseCaseTests.swift in Sources */,
				EFAD8AF32CC6F32400981FB9 /* CacheCompetitionsUseCaseTests.swift in Sources */,
				EFE3B5B12CCCF65F009E9195 /* XCTestCase+CompetitionsStoreSpecs.swift in Sources */,
				EFE3B5BA2CCCFDFC009E9195 /* SharedTestHelpers.swift in Sources */,
				EFE3B5B32CCCF80F009E9195 /* XCTestCase+FailableRetrieveCompetitionsStoreSpecs.swift in Sources */,
				EFAD8AD92CC5170700981FB9 /* XCTestCase+MemoryLeakTracking.swift in Sources */,
			);
			runOnlyForDeploymentPostprocessing = 0;
		};
		EFAD8ADC2CC5871700981FB9 /* Sources */ = {
			isa = PBXSourcesBuildPhase;
			buildActionMask = 2147483647;
			files = (
				EFAD8AE32CC5871700981FB9 /* BJJCompetitionsFinderAPIEndToEndTests.swift in Sources */,
				EFAD8AEA2CC5F6B200981FB9 /* XCTestCase+MemoryLeakTracking.swift in Sources */,
			);
			runOnlyForDeploymentPostprocessing = 0;
		};
		EFE34E922CD0422B0052096C /* Sources */ = {
			isa = PBXSourcesBuildPhase;
			buildActionMask = 2147483647;
			files = (
				EFE34E992CD0422B0052096C /* PeteBJJCompFeedCacheIntegrationTests.swift in Sources */,
				EFE34EA02CD0444D0052096C /* XCTestCase+MemoryLeakTracking.swift in Sources */,
				EFE34EA12CD048A20052096C /* SharedTestHelpers.swift in Sources */,
			);
			runOnlyForDeploymentPostprocessing = 0;
		};
/* End PBXSourcesBuildPhase section */

/* Begin PBXTargetDependency section */
		EF0372DB2CBDEC8F00694F89 /* PBXTargetDependency */ = {
			isa = PBXTargetDependency;
			target = EF0372CD2CBDEC8F00694F89 /* PeteBJJCompFeed */;
			targetProxy = EF0372DA2CBDEC8F00694F89 /* PBXContainerItemProxy */;
		};
		EFAD8AE62CC5871700981FB9 /* PBXTargetDependency */ = {
			isa = PBXTargetDependency;
			target = EF0372CD2CBDEC8F00694F89 /* PeteBJJCompFeed */;
			targetProxy = EFAD8AE52CC5871700981FB9 /* PBXContainerItemProxy */;
		};
		EFE34E9C2CD0422B0052096C /* PBXTargetDependency */ = {
			isa = PBXTargetDependency;
			target = EF0372CD2CBDEC8F00694F89 /* PeteBJJCompFeed */;
			targetProxy = EFE34E9B2CD0422B0052096C /* PBXContainerItemProxy */;
		};
/* End PBXTargetDependency section */

/* Begin XCBuildConfiguration section */
		EF0372E02CBDEC8F00694F89 /* Debug */ = {
			isa = XCBuildConfiguration;
			buildSettings = {
				ALWAYS_SEARCH_USER_PATHS = NO;
				ASSETCATALOG_COMPILER_GENERATE_SWIFT_ASSET_SYMBOL_EXTENSIONS = YES;
				CLANG_ANALYZER_NONNULL = YES;
				CLANG_ANALYZER_NUMBER_OBJECT_CONVERSION = YES_AGGRESSIVE;
				CLANG_CXX_LANGUAGE_STANDARD = "gnu++20";
				CLANG_ENABLE_MODULES = YES;
				CLANG_ENABLE_OBJC_ARC = YES;
				CLANG_ENABLE_OBJC_WEAK = YES;
				CLANG_WARN_BLOCK_CAPTURE_AUTORELEASING = YES;
				CLANG_WARN_BOOL_CONVERSION = YES;
				CLANG_WARN_COMMA = YES;
				CLANG_WARN_CONSTANT_CONVERSION = YES;
				CLANG_WARN_DEPRECATED_OBJC_IMPLEMENTATIONS = YES;
				CLANG_WARN_DIRECT_OBJC_ISA_USAGE = YES_ERROR;
				CLANG_WARN_DOCUMENTATION_COMMENTS = YES;
				CLANG_WARN_EMPTY_BODY = YES;
				CLANG_WARN_ENUM_CONVERSION = YES;
				CLANG_WARN_INFINITE_RECURSION = YES;
				CLANG_WARN_INT_CONVERSION = YES;
				CLANG_WARN_NON_LITERAL_NULL_CONVERSION = YES;
				CLANG_WARN_OBJC_IMPLICIT_RETAIN_SELF = YES;
				CLANG_WARN_OBJC_LITERAL_CONVERSION = YES;
				CLANG_WARN_OBJC_ROOT_CLASS = YES_ERROR;
				CLANG_WARN_QUOTED_INCLUDE_IN_FRAMEWORK_HEADER = YES;
				CLANG_WARN_RANGE_LOOP_ANALYSIS = YES;
				CLANG_WARN_STRICT_PROTOTYPES = YES;
				CLANG_WARN_SUSPICIOUS_MOVE = YES;
				CLANG_WARN_UNGUARDED_AVAILABILITY = YES_AGGRESSIVE;
				CLANG_WARN_UNREACHABLE_CODE = YES;
				CLANG_WARN__DUPLICATE_METHOD_MATCH = YES;
				COPY_PHASE_STRIP = NO;
				CURRENT_PROJECT_VERSION = 1;
				DEBUG_INFORMATION_FORMAT = dwarf;
				ENABLE_STRICT_OBJC_MSGSEND = YES;
				ENABLE_TESTABILITY = YES;
				ENABLE_USER_SCRIPT_SANDBOXING = YES;
				GCC_C_LANGUAGE_STANDARD = gnu17;
				GCC_DYNAMIC_NO_PIC = NO;
				GCC_NO_COMMON_BLOCKS = YES;
				GCC_OPTIMIZATION_LEVEL = 0;
				GCC_PREPROCESSOR_DEFINITIONS = (
					"DEBUG=1",
					"$(inherited)",
				);
				GCC_WARN_64_TO_32_BIT_CONVERSION = YES;
				GCC_WARN_ABOUT_RETURN_TYPE = YES_ERROR;
				GCC_WARN_UNDECLARED_SELECTOR = YES;
				GCC_WARN_UNINITIALIZED_AUTOS = YES_AGGRESSIVE;
				GCC_WARN_UNUSED_FUNCTION = YES;
				GCC_WARN_UNUSED_VARIABLE = YES;
				LOCALIZATION_PREFERS_STRING_CATALOGS = YES;
				MACOSX_DEPLOYMENT_TARGET = 14.4;
				MTL_ENABLE_DEBUG_INFO = INCLUDE_SOURCE;
				MTL_FAST_MATH = YES;
				ONLY_ACTIVE_ARCH = YES;
				SDKROOT = macosx;
				SWIFT_ACTIVE_COMPILATION_CONDITIONS = "DEBUG $(inherited)";
				SWIFT_OPTIMIZATION_LEVEL = "-Onone";
				VERSIONING_SYSTEM = "apple-generic";
				VERSION_INFO_PREFIX = "";
			};
			name = Debug;
		};
		EF0372E12CBDEC8F00694F89 /* Release */ = {
			isa = XCBuildConfiguration;
			buildSettings = {
				ALWAYS_SEARCH_USER_PATHS = NO;
				ASSETCATALOG_COMPILER_GENERATE_SWIFT_ASSET_SYMBOL_EXTENSIONS = YES;
				CLANG_ANALYZER_NONNULL = YES;
				CLANG_ANALYZER_NUMBER_OBJECT_CONVERSION = YES_AGGRESSIVE;
				CLANG_CXX_LANGUAGE_STANDARD = "gnu++20";
				CLANG_ENABLE_MODULES = YES;
				CLANG_ENABLE_OBJC_ARC = YES;
				CLANG_ENABLE_OBJC_WEAK = YES;
				CLANG_WARN_BLOCK_CAPTURE_AUTORELEASING = YES;
				CLANG_WARN_BOOL_CONVERSION = YES;
				CLANG_WARN_COMMA = YES;
				CLANG_WARN_CONSTANT_CONVERSION = YES;
				CLANG_WARN_DEPRECATED_OBJC_IMPLEMENTATIONS = YES;
				CLANG_WARN_DIRECT_OBJC_ISA_USAGE = YES_ERROR;
				CLANG_WARN_DOCUMENTATION_COMMENTS = YES;
				CLANG_WARN_EMPTY_BODY = YES;
				CLANG_WARN_ENUM_CONVERSION = YES;
				CLANG_WARN_INFINITE_RECURSION = YES;
				CLANG_WARN_INT_CONVERSION = YES;
				CLANG_WARN_NON_LITERAL_NULL_CONVERSION = YES;
				CLANG_WARN_OBJC_IMPLICIT_RETAIN_SELF = YES;
				CLANG_WARN_OBJC_LITERAL_CONVERSION = YES;
				CLANG_WARN_OBJC_ROOT_CLASS = YES_ERROR;
				CLANG_WARN_QUOTED_INCLUDE_IN_FRAMEWORK_HEADER = YES;
				CLANG_WARN_RANGE_LOOP_ANALYSIS = YES;
				CLANG_WARN_STRICT_PROTOTYPES = YES;
				CLANG_WARN_SUSPICIOUS_MOVE = YES;
				CLANG_WARN_UNGUARDED_AVAILABILITY = YES_AGGRESSIVE;
				CLANG_WARN_UNREACHABLE_CODE = YES;
				CLANG_WARN__DUPLICATE_METHOD_MATCH = YES;
				COPY_PHASE_STRIP = NO;
				CURRENT_PROJECT_VERSION = 1;
				DEBUG_INFORMATION_FORMAT = "dwarf-with-dsym";
				ENABLE_NS_ASSERTIONS = NO;
				ENABLE_STRICT_OBJC_MSGSEND = YES;
				ENABLE_USER_SCRIPT_SANDBOXING = YES;
				GCC_C_LANGUAGE_STANDARD = gnu17;
				GCC_NO_COMMON_BLOCKS = YES;
				GCC_WARN_64_TO_32_BIT_CONVERSION = YES;
				GCC_WARN_ABOUT_RETURN_TYPE = YES_ERROR;
				GCC_WARN_UNDECLARED_SELECTOR = YES;
				GCC_WARN_UNINITIALIZED_AUTOS = YES_AGGRESSIVE;
				GCC_WARN_UNUSED_FUNCTION = YES;
				GCC_WARN_UNUSED_VARIABLE = YES;
				LOCALIZATION_PREFERS_STRING_CATALOGS = YES;
				MACOSX_DEPLOYMENT_TARGET = 14.4;
				MTL_ENABLE_DEBUG_INFO = NO;
				MTL_FAST_MATH = YES;
				SDKROOT = macosx;
				SWIFT_COMPILATION_MODE = wholemodule;
				VERSIONING_SYSTEM = "apple-generic";
				VERSION_INFO_PREFIX = "";
			};
			name = Release;
		};
		EF0372E32CBDEC8F00694F89 /* Debug */ = {
			isa = XCBuildConfiguration;
			buildSettings = {
				BUILD_LIBRARY_FOR_DISTRIBUTION = YES;
				CODE_SIGN_STYLE = Automatic;
				COMBINE_HIDPI_IMAGES = YES;
				CORE_DATA_MODEL_DIR = "$(SRCROOT)";
				CURRENT_PROJECT_VERSION = 1;
				DEFINES_MODULE = NO;
				DEVELOPMENT_TEAM = KQ87GPXAXK;
				DYLIB_COMPATIBILITY_VERSION = 1;
				DYLIB_CURRENT_VERSION = 1;
				DYLIB_INSTALL_NAME_BASE = "@rpath";
				ENABLE_MODULE_VERIFIER = YES;
				GENERATE_INFOPLIST_FILE = YES;
				INFOPLIST_KEY_NSHumanReadableCopyright = "";
				INSTALL_PATH = "$(LOCAL_LIBRARY_DIR)/Frameworks";
				LD_RUNPATH_SEARCH_PATHS = (
					"$(inherited)",
					"@executable_path/../Frameworks",
					"@loader_path/Frameworks",
				);
				MARKETING_VERSION = 1.0;
				MODULE_VERIFIER_SUPPORTED_LANGUAGES = "objective-c objective-c++";
				MODULE_VERIFIER_SUPPORTED_LANGUAGE_STANDARDS = "gnu17 gnu++20";
				MOMC_INPUT_PATH = "$(SRCROOT)/CompetitionsCache";
				MOMC_OUTPUT_PATH = "$(DERIVED_FILE_DIR)/CoreDataGenerated";
				PRODUCT_BUNDLE_IDENTIFIER = com.vincethecoder.PeteBJJCompFeed;
				PRODUCT_NAME = "$(TARGET_NAME:c99extidentifier)";
				SKIP_INSTALL = YES;
				SUPPORTED_PLATFORMS = "macosx iphoneos iphonesimulator";
				SWIFT_EMIT_LOC_STRINGS = YES;
				SWIFT_INSTALL_OBJC_HEADER = NO;
				SWIFT_VERSION = 5.0;
				USER_HEADER_SEARCH_PATHS = "$(DERIVED_FILE_DIR)/CoreDataGenerated";
			};
			name = Debug;
		};
		EF0372E42CBDEC8F00694F89 /* Release */ = {
			isa = XCBuildConfiguration;
			buildSettings = {
				BUILD_LIBRARY_FOR_DISTRIBUTION = YES;
				CODE_SIGN_STYLE = Automatic;
				COMBINE_HIDPI_IMAGES = YES;
				CORE_DATA_MODEL_DIR = "$(SRCROOT)";
				CURRENT_PROJECT_VERSION = 1;
				DEFINES_MODULE = NO;
				DEVELOPMENT_TEAM = KQ87GPXAXK;
				DYLIB_COMPATIBILITY_VERSION = 1;
				DYLIB_CURRENT_VERSION = 1;
				DYLIB_INSTALL_NAME_BASE = "@rpath";
				ENABLE_MODULE_VERIFIER = YES;
				GENERATE_INFOPLIST_FILE = YES;
				INFOPLIST_KEY_NSHumanReadableCopyright = "";
				INSTALL_PATH = "$(LOCAL_LIBRARY_DIR)/Frameworks";
				LD_RUNPATH_SEARCH_PATHS = (
					"$(inherited)",
					"@executable_path/../Frameworks",
					"@loader_path/Frameworks",
				);
				MARKETING_VERSION = 1.0;
				MODULE_VERIFIER_SUPPORTED_LANGUAGES = "objective-c objective-c++";
				MODULE_VERIFIER_SUPPORTED_LANGUAGE_STANDARDS = "gnu17 gnu++20";
				MOMC_INPUT_PATH = "$(SRCROOT)/CompetitionsCache";
				MOMC_OUTPUT_PATH = "$(DERIVED_FILE_DIR)/CoreDataGenerated";
				PRODUCT_BUNDLE_IDENTIFIER = com.vincethecoder.PeteBJJCompFeed;
				PRODUCT_NAME = "$(TARGET_NAME:c99extidentifier)";
				SKIP_INSTALL = YES;
				SUPPORTED_PLATFORMS = "macosx iphoneos iphonesimulator";
				SWIFT_EMIT_LOC_STRINGS = YES;
				SWIFT_INSTALL_OBJC_HEADER = NO;
				SWIFT_VERSION = 5.0;
				USER_HEADER_SEARCH_PATHS = "$(DERIVED_FILE_DIR)/CoreDataGenerated";
			};
			name = Release;
		};
		EF0372E62CBDEC8F00694F89 /* Debug */ = {
			isa = XCBuildConfiguration;
			buildSettings = {
				ALWAYS_EMBED_SWIFT_STANDARD_LIBRARIES = YES;
				CODE_SIGN_STYLE = Automatic;
				CURRENT_PROJECT_VERSION = 1;
				DEVELOPMENT_TEAM = KQ87GPXAXK;
				GENERATE_INFOPLIST_FILE = YES;
				MARKETING_VERSION = 1.0;
				PRODUCT_BUNDLE_IDENTIFIER = com.vincethecoder.PeteBJJCompFeedTests;
				PRODUCT_NAME = "$(TARGET_NAME)";
				SUPPORTED_PLATFORMS = "macosx iphoneos iphonesimulator";
				SWIFT_EMIT_LOC_STRINGS = NO;
				SWIFT_VERSION = 5.0;
			};
			name = Debug;
		};
		EF0372E72CBDEC8F00694F89 /* Release */ = {
			isa = XCBuildConfiguration;
			buildSettings = {
				ALWAYS_EMBED_SWIFT_STANDARD_LIBRARIES = YES;
				CODE_SIGN_STYLE = Automatic;
				CURRENT_PROJECT_VERSION = 1;
				DEVELOPMENT_TEAM = KQ87GPXAXK;
				GENERATE_INFOPLIST_FILE = YES;
				MARKETING_VERSION = 1.0;
				PRODUCT_BUNDLE_IDENTIFIER = com.vincethecoder.PeteBJJCompFeedTests;
				PRODUCT_NAME = "$(TARGET_NAME)";
				SUPPORTED_PLATFORMS = "macosx iphoneos iphonesimulator";
				SWIFT_EMIT_LOC_STRINGS = NO;
				SWIFT_VERSION = 5.0;
			};
			name = Release;
		};
		EFAD8AE82CC5871700981FB9 /* Debug */ = {
			isa = XCBuildConfiguration;
			buildSettings = {
				CODE_SIGN_STYLE = Automatic;
				CURRENT_PROJECT_VERSION = 1;
				DEVELOPMENT_TEAM = KQ87GPXAXK;
				GENERATE_INFOPLIST_FILE = YES;
				MARKETING_VERSION = 1.0;
				PRODUCT_BUNDLE_IDENTIFIER = com.vincethecoder.PeteBJJCompFeedAPIEndToEndTests;
				PRODUCT_NAME = "$(TARGET_NAME)";
				SUPPORTED_PLATFORMS = "macosx iphoneos iphonesimulator";
				SWIFT_EMIT_LOC_STRINGS = NO;
				SWIFT_VERSION = 5.0;
			};
			name = Debug;
		};
		EFAD8AE92CC5871700981FB9 /* Release */ = {
			isa = XCBuildConfiguration;
			buildSettings = {
				CODE_SIGN_STYLE = Automatic;
				CURRENT_PROJECT_VERSION = 1;
				DEVELOPMENT_TEAM = KQ87GPXAXK;
				GENERATE_INFOPLIST_FILE = YES;
				MARKETING_VERSION = 1.0;
				PRODUCT_BUNDLE_IDENTIFIER = com.vincethecoder.PeteBJJCompFeedAPIEndToEndTests;
				PRODUCT_NAME = "$(TARGET_NAME)";
				SUPPORTED_PLATFORMS = "macosx iphoneos iphonesimulator";
				SWIFT_EMIT_LOC_STRINGS = NO;
				SWIFT_VERSION = 5.0;
			};
			name = Release;
		};
		EFE34E9D2CD0422B0052096C /* Debug */ = {
			isa = XCBuildConfiguration;
			buildSettings = {
				CODE_SIGN_STYLE = Automatic;
				CURRENT_PROJECT_VERSION = 1;
				DEVELOPMENT_TEAM = KQ87GPXAXK;
				GENERATE_INFOPLIST_FILE = YES;
				MARKETING_VERSION = 1.0;
				PRODUCT_BUNDLE_IDENTIFIER = com.vincethecoder.PeteBJJCompFeedCacheIntegrationTests;
				PRODUCT_NAME = "$(TARGET_NAME)";
				SWIFT_EMIT_LOC_STRINGS = NO;
				SWIFT_VERSION = 5.0;
			};
			name = Debug;
		};
		EFE34E9E2CD0422B0052096C /* Release */ = {
			isa = XCBuildConfiguration;
			buildSettings = {
				CODE_SIGN_STYLE = Automatic;
				CURRENT_PROJECT_VERSION = 1;
				DEVELOPMENT_TEAM = KQ87GPXAXK;
				GENERATE_INFOPLIST_FILE = YES;
				MARKETING_VERSION = 1.0;
				PRODUCT_BUNDLE_IDENTIFIER = com.vincethecoder.PeteBJJCompFeedCacheIntegrationTests;
				PRODUCT_NAME = "$(TARGET_NAME)";
				SWIFT_EMIT_LOC_STRINGS = NO;
				SWIFT_VERSION = 5.0;
			};
			name = Release;
		};
/* End XCBuildConfiguration section */

/* Begin XCConfigurationList section */
		EF0372C82CBDEC8F00694F89 /* Build configuration list for PBXProject "PeteBJJCompFeed" */ = {
			isa = XCConfigurationList;
			buildConfigurations = (
				EF0372E02CBDEC8F00694F89 /* Debug */,
				EF0372E12CBDEC8F00694F89 /* Release */,
			);
			defaultConfigurationIsVisible = 0;
			defaultConfigurationName = Release;
		};
		EF0372E22CBDEC8F00694F89 /* Build configuration list for PBXNativeTarget "PeteBJJCompFeed" */ = {
			isa = XCConfigurationList;
			buildConfigurations = (
				EF0372E32CBDEC8F00694F89 /* Debug */,
				EF0372E42CBDEC8F00694F89 /* Release */,
			);
			defaultConfigurationIsVisible = 0;
			defaultConfigurationName = Release;
		};
		EF0372E52CBDEC8F00694F89 /* Build configuration list for PBXNativeTarget "PeteBJJCompFeedTests" */ = {
			isa = XCConfigurationList;
			buildConfigurations = (
				EF0372E62CBDEC8F00694F89 /* Debug */,
				EF0372E72CBDEC8F00694F89 /* Release */,
			);
			defaultConfigurationIsVisible = 0;
			defaultConfigurationName = Release;
		};
		EFAD8AE72CC5871700981FB9 /* Build configuration list for PBXNativeTarget "PeteBJJCompFeedAPIEndToEndTests" */ = {
			isa = XCConfigurationList;
			buildConfigurations = (
				EFAD8AE82CC5871700981FB9 /* Debug */,
				EFAD8AE92CC5871700981FB9 /* Release */,
			);
			defaultConfigurationIsVisible = 0;
			defaultConfigurationName = Release;
		};
		EFE34E9F2CD0422B0052096C /* Build configuration list for PBXNativeTarget "PeteBJJCompFeedCacheIntegrationTests" */ = {
			isa = XCConfigurationList;
			buildConfigurations = (
				EFE34E9D2CD0422B0052096C /* Debug */,
				EFE34E9E2CD0422B0052096C /* Release */,
			);
			defaultConfigurationIsVisible = 0;
			defaultConfigurationName = Release;
		};
/* End XCConfigurationList section */

/* Begin XCVersionGroup section */
		EF695FF52CD2B601009249D9 /* CompetitionsStore.xcdatamodeld */ = {
			isa = XCVersionGroup;
			children = (
				EF695FF62CD2B601009249D9 /* CompetitionsStore.xcdatamodel */,
				EF695FF72CD2B601009249D9 /* CompetitionsStore2.xcdatamodel */,
			);
			currentVersion = EF695FF72CD2B601009249D9 /* CompetitionsStore2.xcdatamodel */;
			path = CompetitionsStore.xcdatamodeld;
			sourceTree = "<group>";
			versionGroupType = wrapper.xcdatamodel;
		};
/* End XCVersionGroup section */
	};
	rootObject = EF0372C52CBDEC8F00694F89 /* Project object */;
}
