// !$*UTF8*$!
{
	archiveVersion = 1;
	classes = {
	};
	objectVersion = 56;
	objects = {

/* Begin PBXBuildFile section */
		EF0372D92CBDEC8F00694F89 /* PeteBJJCompFeed.framework in Frameworks */ = {isa = PBXBuildFile; fileRef = EF0372CE2CBDEC8F00694F89 /* PeteBJJCompFeed.framework */; };
		EF0372E92CBDED3600694F89 /* Competition.swift in Sources */ = {isa = PBXBuildFile; fileRef = EF0372E82CBDED3600694F89 /* Competition.swift */; };
		EF0372EB2CBDEEDC00694F89 /* CompetitionsLoader.swift in Sources */ = {isa = PBXBuildFile; fileRef = EF0372EA2CBDEEDC00694F89 /* CompetitionsLoader.swift */; };
		EF0372EE2CBDF28600694F89 /* LoadCompetitionsFromServerUseCaseTests.swift in Sources */ = {isa = PBXBuildFile; fileRef = EF0372ED2CBDF28600694F89 /* LoadCompetitionsFromServerUseCaseTests.swift */; };
		EF0372F12CBEE9F500694F89 /* RemoteCompetitionsLoader.swift in Sources */ = {isa = PBXBuildFile; fileRef = EF0372F02CBEE9F500694F89 /* RemoteCompetitionsLoader.swift */; };
		EF3BFCBF2CD57F35008CA424 /* XCTestCase+MemoryLeakTracking.swift in Sources */ = {isa = PBXBuildFile; fileRef = EFAD8AD82CC5170700981FB9 /* XCTestCase+MemoryLeakTracking.swift */; };
		EF3BFCC12CD5A7C3008CA424 /* CompetitionsViewControllerTests.swift in Sources */ = {isa = PBXBuildFile; fileRef = EF3BFCC02CD5A7C3008CA424 /* CompetitionsViewControllerTests.swift */; };
		EF3BFCC22CD5A87F008CA424 /* CompetitionsUIIntegrationTests.swift in Sources */ = {isa = PBXBuildFile; fileRef = EF6960402CD567CB009249D9 /* CompetitionsUIIntegrationTests.swift */; };
		EF3BFCC32CD73DCD008CA424 /* SharedTestHelpers.swift in Sources */ = {isa = PBXBuildFile; fileRef = EFE3B5B92CCCFDFC009E9195 /* SharedTestHelpers.swift */; };
		EF3BFCC52CD78262008CA424 /* CompetitiveEvent.swift in Sources */ = {isa = PBXBuildFile; fileRef = EF3BFCC42CD78262008CA424 /* CompetitiveEvent.swift */; };
		EF3BFCC72CD78290008CA424 /* CompetitionsCell.swift in Sources */ = {isa = PBXBuildFile; fileRef = EF3BFCC62CD78290008CA424 /* CompetitionsCell.swift */; };
		EF3BFCC92CD782FD008CA424 /* Competition+EventExtensions.swift in Sources */ = {isa = PBXBuildFile; fileRef = EF3BFCC82CD782FD008CA424 /* Competition+EventExtensions.swift */; };
		EF3BFCCB2CD96219008CA424 /* UIView+Shimmering.swift in Sources */ = {isa = PBXBuildFile; fileRef = EF3BFCCA2CD96219008CA424 /* UIView+Shimmering.swift */; };
		EF41EDDB2CD168C500A5F976 /* CoreDataCompetitionsStore+CompetitionsStore.swift in Sources */ = {isa = PBXBuildFile; fileRef = EF41EDDA2CD168C500A5F976 /* CoreDataCompetitionsStore+CompetitionsStore.swift */; };
		EF695FF92CD2B618009249D9 /* CompetitionsStore.xcdatamodeld in Sources */ = {isa = PBXBuildFile; fileRef = EF695FF52CD2B601009249D9 /* CompetitionsStore.xcdatamodeld */; };
		EF69602F2CD453DA009249D9 /* PeteBJJCompFeediOS.framework in Frameworks */ = {isa = PBXBuildFile; fileRef = EF6960252CD453DA009249D9 /* PeteBJJCompFeediOS.framework */; };
		EF6FF7B02CD56C1A00620845 /* PeteBJJCompFeed.framework in Frameworks */ = {isa = PBXBuildFile; fileRef = EF0372CE2CBDEC8F00694F89 /* PeteBJJCompFeed.framework */; platformFilter = ios; };
		EF6FF7B12CD56C1A00620845 /* PeteBJJCompFeed.framework in Embed Frameworks */ = {isa = PBXBuildFile; fileRef = EF0372CE2CBDEC8F00694F89 /* PeteBJJCompFeed.framework */; platformFilter = ios; settings = {ATTRIBUTES = (CodeSignOnCopy, RemoveHeadersOnCopy, ); }; };
		EF73260D2CC75D3500E819DE /* LocalCompetitionsLoader.swift in Sources */ = {isa = PBXBuildFile; fileRef = EF73260C2CC75D3500E819DE /* LocalCompetitionsLoader.swift */; };
		EF7326112CC762D500E819DE /* CompetitionsStore.swift in Sources */ = {isa = PBXBuildFile; fileRef = EF7326102CC762D500E819DE /* CompetitionsStore.swift */; };
		EF7326132CC7FD0300E819DE /* LocalCompetition.swift in Sources */ = {isa = PBXBuildFile; fileRef = EF7326122CC7FD0300E819DE /* LocalCompetition.swift */; };
		EF7326172CC812F600E819DE /* LoadCompetitionsFromCacheUseCaseTests.swift in Sources */ = {isa = PBXBuildFile; fileRef = EF7326162CC812F600E819DE /* LoadCompetitionsFromCacheUseCaseTests.swift */; };
		EF73261A2CC8143500E819DE /* CompetitionsStoreSpy.swift in Sources */ = {isa = PBXBuildFile; fileRef = EF7326192CC8143500E819DE /* CompetitionsStoreSpy.swift */; };
		EF96F2222CD9E02600DC3B69 /* UIImage+TestHelpers.swift in Sources */ = {isa = PBXBuildFile; fileRef = EF96F2212CD9E02600DC3B69 /* UIImage+TestHelpers.swift */; };
		EF96F2242CD9E17900DC3B69 /* UIRefreshControl+TestHelpers.swift in Sources */ = {isa = PBXBuildFile; fileRef = EF96F2232CD9E17900DC3B69 /* UIRefreshControl+TestHelpers.swift */; };
		EF96F2262CD9E1DE00DC3B69 /* UIButton+TestHelpers.swift in Sources */ = {isa = PBXBuildFile; fileRef = EF96F2252CD9E1DE00DC3B69 /* UIButton+TestHelpers.swift */; };
		EF96F2282CD9E27900DC3B69 /* UIControl+TestHelpers.swift in Sources */ = {isa = PBXBuildFile; fileRef = EF96F2272CD9E27900DC3B69 /* UIControl+TestHelpers.swift */; };
		EF96F22E2CD9E4B900DC3B69 /* CompetitionsViewController+TestHelpers.swift in Sources */ = {isa = PBXBuildFile; fileRef = EF96F22D2CD9E4B900DC3B69 /* CompetitionsViewController+TestHelpers.swift */; };
		EF96F2302CD9E54F00DC3B69 /* CompetitionsCell+TestHelpers.swift in Sources */ = {isa = PBXBuildFile; fileRef = EF96F22F2CD9E54F00DC3B69 /* CompetitionsCell+TestHelpers.swift */; };
		EF96F2322CD9E5EE00DC3B69 /* CompetitionsViewControllerTests+LoaderSpy.swift in Sources */ = {isa = PBXBuildFile; fileRef = EF96F2312CD9E5EE00DC3B69 /* CompetitionsViewControllerTests+LoaderSpy.swift */; };
		EF96F2342CD9E6AB00DC3B69 /* CompetitionsViewControllerTests+Assertions.swift in Sources */ = {isa = PBXBuildFile; fileRef = EF96F2332CD9E6AB00DC3B69 /* CompetitionsViewControllerTests+Assertions.swift */; };
		EF96F2392CD9ED5E00DC3B69 /* EventImageDataLoader.swift in Sources */ = {isa = PBXBuildFile; fileRef = EF96F2382CD9ED5E00DC3B69 /* EventImageDataLoader.swift */; };
		EF96F23D2CDAF31F00DC3B69 /* CompetitionsCellController.swift in Sources */ = {isa = PBXBuildFile; fileRef = EF96F23C2CDAF31F00DC3B69 /* CompetitionsCellController.swift */; };
		EF96F2402CDAF82B00DC3B69 /* CompetitionsUIComposer.swift in Sources */ = {isa = PBXBuildFile; fileRef = EF96F23F2CDAF82B00DC3B69 /* CompetitionsUIComposer.swift */; };
		EFAD8AD12CC2DFC700981FB9 /* HTTPClient.swift in Sources */ = {isa = PBXBuildFile; fileRef = EFAD8AD02CC2DFC700981FB9 /* HTTPClient.swift */; };
		EFAD8AD32CC2E01700981FB9 /* CompetitionsMapper.swift in Sources */ = {isa = PBXBuildFile; fileRef = EFAD8AD22CC2E01700981FB9 /* CompetitionsMapper.swift */; };
		EFAD8AD62CC30AF200981FB9 /* URLSessionHTTPClientTests.swift in Sources */ = {isa = PBXBuildFile; fileRef = EFAD8AD52CC30AF200981FB9 /* URLSessionHTTPClientTests.swift */; };
		EFAD8AD92CC5170700981FB9 /* XCTestCase+MemoryLeakTracking.swift in Sources */ = {isa = PBXBuildFile; fileRef = EFAD8AD82CC5170700981FB9 /* XCTestCase+MemoryLeakTracking.swift */; };
		EFAD8ADB2CC52B7C00981FB9 /* URLSessionHTTPClient.swift in Sources */ = {isa = PBXBuildFile; fileRef = EFAD8ADA2CC52B7C00981FB9 /* URLSessionHTTPClient.swift */; };
		EFAD8AE32CC5871700981FB9 /* BJJCompetitionsFinderAPIEndToEndTests.swift in Sources */ = {isa = PBXBuildFile; fileRef = EFAD8AE22CC5871700981FB9 /* BJJCompetitionsFinderAPIEndToEndTests.swift */; };
		EFAD8AE42CC5871700981FB9 /* PeteBJJCompFeed.framework in Frameworks */ = {isa = PBXBuildFile; fileRef = EF0372CE2CBDEC8F00694F89 /* PeteBJJCompFeed.framework */; };
		EFAD8AEA2CC5F6B200981FB9 /* XCTestCase+MemoryLeakTracking.swift in Sources */ = {isa = PBXBuildFile; fileRef = EFAD8AD82CC5170700981FB9 /* XCTestCase+MemoryLeakTracking.swift */; };
		EFAD8AED2CC616BC00981FB9 /* RemoteCompetition.swift in Sources */ = {isa = PBXBuildFile; fileRef = EFAD8AEC2CC616BC00981FB9 /* RemoteCompetition.swift */; };
		EFAD8AF02CC617D000981FB9 /* Date+Extensions.swift in Sources */ = {isa = PBXBuildFile; fileRef = EFAD8AEF2CC617D000981FB9 /* Date+Extensions.swift */; };
		EFAD8AF32CC6F32400981FB9 /* CacheCompetitionsUseCaseTests.swift in Sources */ = {isa = PBXBuildFile; fileRef = EFAD8AF22CC6F32400981FB9 /* CacheCompetitionsUseCaseTests.swift */; };
		EFBCDF3D2CC913210042FA59 /* CompetitionsCachePolicy.swift in Sources */ = {isa = PBXBuildFile; fileRef = EFBCDF3C2CC913210042FA59 /* CompetitionsCachePolicy.swift */; };
		EFE34E992CD0422B0052096C /* PeteBJJCompFeedCacheIntegrationTests.swift in Sources */ = {isa = PBXBuildFile; fileRef = EFE34E982CD0422B0052096C /* PeteBJJCompFeedCacheIntegrationTests.swift */; };
		EFE34E9A2CD0422B0052096C /* PeteBJJCompFeed.framework in Frameworks */ = {isa = PBXBuildFile; fileRef = EF0372CE2CBDEC8F00694F89 /* PeteBJJCompFeed.framework */; };
		EFE34EA02CD0444D0052096C /* XCTestCase+MemoryLeakTracking.swift in Sources */ = {isa = PBXBuildFile; fileRef = EFAD8AD82CC5170700981FB9 /* XCTestCase+MemoryLeakTracking.swift */; };
		EFE34EA12CD048A20052096C /* SharedTestHelpers.swift in Sources */ = {isa = PBXBuildFile; fileRef = EFE3B5B92CCCFDFC009E9195 /* SharedTestHelpers.swift */; };
		EFE3B5AF2CCCF3A9009E9195 /* CompetitionsStoreSpecs.swift in Sources */ = {isa = PBXBuildFile; fileRef = EFE3B5AE2CCCF3A9009E9195 /* CompetitionsStoreSpecs.swift */; };
		EFE3B5B12CCCF65F009E9195 /* XCTestCase+CompetitionsStoreSpecs.swift in Sources */ = {isa = PBXBuildFile; fileRef = EFE3B5B02CCCF65F009E9195 /* XCTestCase+CompetitionsStoreSpecs.swift */; };
		EFE3B5B32CCCF80F009E9195 /* XCTestCase+FailableRetrieveCompetitionsStoreSpecs.swift in Sources */ = {isa = PBXBuildFile; fileRef = EFE3B5B22CCCF80F009E9195 /* XCTestCase+FailableRetrieveCompetitionsStoreSpecs.swift */; };
		EFE3B5B52CCCFA2B009E9195 /* XCTestCase+FailableInsertCompetitionsStoreSpecs.swift in Sources */ = {isa = PBXBuildFile; fileRef = EFE3B5B42CCCFA2B009E9195 /* XCTestCase+FailableInsertCompetitionsStoreSpecs.swift */; };
		EFE3B5B72CCCFC44009E9195 /* XCTestCase+FailableDeleteCompetitionsStoreSpecs.swift in Sources */ = {isa = PBXBuildFile; fileRef = EFE3B5B62CCCFC44009E9195 /* XCTestCase+FailableDeleteCompetitionsStoreSpecs.swift */; };
		EFE3B5BA2CCCFDFC009E9195 /* SharedTestHelpers.swift in Sources */ = {isa = PBXBuildFile; fileRef = EFE3B5B92CCCFDFC009E9195 /* SharedTestHelpers.swift */; };
		EFE3B5BC2CCDEDA1009E9195 /* CoreDataCompetitionsStoreTests.swift in Sources */ = {isa = PBXBuildFile; fileRef = EFE3B5BB2CCDEDA1009E9195 /* CoreDataCompetitionsStoreTests.swift */; };
		EFE3B5C02CCE4543009E9195 /* CoreDataCompetitionsStore.swift in Sources */ = {isa = PBXBuildFile; fileRef = EFE3B5BF2CCE4543009E9195 /* CoreDataCompetitionsStore.swift */; };
		EFE944572CEA3E0400E3BD75 /* Feed.storyboard in Resources */ = {isa = PBXBuildFile; fileRef = EFE944562CEA3E0400E3BD75 /* Feed.storyboard */; };
		EFE944592CEA571E00E3BD75 /* UITableView+Dequeueing.swift in Sources */ = {isa = PBXBuildFile; fileRef = EFE944582CEA571E00E3BD75 /* UITableView+Dequeueing.swift */; };
		EFE9445B2CEA593900E3BD75 /* UIImageView+Animations.swift in Sources */ = {isa = PBXBuildFile; fileRef = EFE9445A2CEA593900E3BD75 /* UIImageView+Animations.swift */; };
		EFF51A3D2CE99BE50076798B /* CompetitionsImagePresenter.swift in Sources */ = {isa = PBXBuildFile; fileRef = EFF51A3C2CE99BE50076798B /* CompetitionsImagePresenter.swift */; };
		EFF51A3F2CE99D3F0076798B /* CompetitionsImageViewModel.swift in Sources */ = {isa = PBXBuildFile; fileRef = EFF51A3E2CE99D3F0076798B /* CompetitionsImageViewModel.swift */; };
		EFF51A412CE99E4D0076798B /* CompetitionsLoadingViewModel.swift in Sources */ = {isa = PBXBuildFile; fileRef = EFF51A402CE99E4D0076798B /* CompetitionsLoadingViewModel.swift */; };
		EFF51A432CE99E880076798B /* CompetitionsPresenter.swift in Sources */ = {isa = PBXBuildFile; fileRef = EFF51A422CE99E880076798B /* CompetitionsPresenter.swift */; };
		EFF51A452CE99FAC0076798B /* CompetitionsViewModel.swift in Sources */ = {isa = PBXBuildFile; fileRef = EFF51A442CE99FAC0076798B /* CompetitionsViewModel.swift */; };
/* End PBXBuildFile section */

/* Begin PBXContainerItemProxy section */
		EF0372DA2CBDEC8F00694F89 /* PBXContainerItemProxy */ = {
			isa = PBXContainerItemProxy;
			containerPortal = EF0372C52CBDEC8F00694F89 /* Project object */;
			proxyType = 1;
			remoteGlobalIDString = EF0372CD2CBDEC8F00694F89;
			remoteInfo = PeteBJJCompFeed;
		};
		EF6960302CD453DA009249D9 /* PBXContainerItemProxy */ = {
			isa = PBXContainerItemProxy;
			containerPortal = EF0372C52CBDEC8F00694F89 /* Project object */;
			proxyType = 1;
			remoteGlobalIDString = EF6960242CD453DA009249D9;
			remoteInfo = PeteBJJCompFeediOS;
		};
		EF6FF7B22CD56C1A00620845 /* PBXContainerItemProxy */ = {
			isa = PBXContainerItemProxy;
			containerPortal = EF0372C52CBDEC8F00694F89 /* Project object */;
			proxyType = 1;
			remoteGlobalIDString = EF0372CD2CBDEC8F00694F89;
			remoteInfo = PeteBJJCompFeed;
		};
		EFAD8AE52CC5871700981FB9 /* PBXContainerItemProxy */ = {
			isa = PBXContainerItemProxy;
			containerPortal = EF0372C52CBDEC8F00694F89 /* Project object */;
			proxyType = 1;
			remoteGlobalIDString = EF0372CD2CBDEC8F00694F89;
			remoteInfo = PeteBJJCompFeed;
		};
		EFE34E9B2CD0422B0052096C /* PBXContainerItemProxy */ = {
			isa = PBXContainerItemProxy;
			containerPortal = EF0372C52CBDEC8F00694F89 /* Project object */;
			proxyType = 1;
			remoteGlobalIDString = EF0372CD2CBDEC8F00694F89;
			remoteInfo = PeteBJJCompFeed;
		};
/* End PBXContainerItemProxy section */

/* Begin PBXCopyFilesBuildPhase section */
		EF6FF7B42CD56C1A00620845 /* Embed Frameworks */ = {
			isa = PBXCopyFilesBuildPhase;
			buildActionMask = 2147483647;
			dstPath = "";
			dstSubfolderSpec = 10;
			files = (
				EF6FF7B12CD56C1A00620845 /* PeteBJJCompFeed.framework in Embed Frameworks */,
			);
			name = "Embed Frameworks";
			runOnlyForDeploymentPostprocessing = 0;
		};
/* End PBXCopyFilesBuildPhase section */

/* Begin PBXFileReference section */
		EF0372CE2CBDEC8F00694F89 /* PeteBJJCompFeed.framework */ = {isa = PBXFileReference; explicitFileType = wrapper.framework; includeInIndex = 0; path = PeteBJJCompFeed.framework; sourceTree = BUILT_PRODUCTS_DIR; };
		EF0372D82CBDEC8F00694F89 /* PeteBJJCompFeedTests.xctest */ = {isa = PBXFileReference; explicitFileType = wrapper.cfbundle; includeInIndex = 0; path = PeteBJJCompFeedTests.xctest; sourceTree = BUILT_PRODUCTS_DIR; };
		EF0372E82CBDED3600694F89 /* Competition.swift */ = {isa = PBXFileReference; lastKnownFileType = sourcecode.swift; path = Competition.swift; sourceTree = "<group>"; };
		EF0372EA2CBDEEDC00694F89 /* CompetitionsLoader.swift */ = {isa = PBXFileReference; lastKnownFileType = sourcecode.swift; path = CompetitionsLoader.swift; sourceTree = "<group>"; };
		EF0372ED2CBDF28600694F89 /* LoadCompetitionsFromServerUseCaseTests.swift */ = {isa = PBXFileReference; lastKnownFileType = sourcecode.swift; path = LoadCompetitionsFromServerUseCaseTests.swift; sourceTree = "<group>"; };
		EF0372F02CBEE9F500694F89 /* RemoteCompetitionsLoader.swift */ = {isa = PBXFileReference; lastKnownFileType = sourcecode.swift; path = RemoteCompetitionsLoader.swift; sourceTree = "<group>"; };
		EF3BFCC02CD5A7C3008CA424 /* CompetitionsViewControllerTests.swift */ = {isa = PBXFileReference; lastKnownFileType = sourcecode.swift; path = CompetitionsViewControllerTests.swift; sourceTree = "<group>"; };
		EF3BFCC42CD78262008CA424 /* CompetitiveEvent.swift */ = {isa = PBXFileReference; lastKnownFileType = sourcecode.swift; path = CompetitiveEvent.swift; sourceTree = "<group>"; };
		EF3BFCC62CD78290008CA424 /* CompetitionsCell.swift */ = {isa = PBXFileReference; lastKnownFileType = sourcecode.swift; path = CompetitionsCell.swift; sourceTree = "<group>"; };
		EF3BFCC82CD782FD008CA424 /* Competition+EventExtensions.swift */ = {isa = PBXFileReference; lastKnownFileType = sourcecode.swift; path = "Competition+EventExtensions.swift"; sourceTree = "<group>"; };
		EF3BFCCA2CD96219008CA424 /* UIView+Shimmering.swift */ = {isa = PBXFileReference; lastKnownFileType = sourcecode.swift; path = "UIView+Shimmering.swift"; sourceTree = "<group>"; };
		EF41EDDA2CD168C500A5F976 /* CoreDataCompetitionsStore+CompetitionsStore.swift */ = {isa = PBXFileReference; lastKnownFileType = sourcecode.swift; path = "CoreDataCompetitionsStore+CompetitionsStore.swift"; sourceTree = "<group>"; };
		EF695FF62CD2B601009249D9 /* CompetitionsStore.xcdatamodel */ = {isa = PBXFileReference; lastKnownFileType = wrapper.xcdatamodel; path = CompetitionsStore.xcdatamodel; sourceTree = "<group>"; };
		EF695FF72CD2B601009249D9 /* CompetitionsStore2.xcdatamodel */ = {isa = PBXFileReference; lastKnownFileType = wrapper.xcdatamodel; path = CompetitionsStore2.xcdatamodel; sourceTree = "<group>"; };
		EF6960252CD453DA009249D9 /* PeteBJJCompFeediOS.framework */ = {isa = PBXFileReference; explicitFileType = wrapper.framework; includeInIndex = 0; path = PeteBJJCompFeediOS.framework; sourceTree = BUILT_PRODUCTS_DIR; };
		EF69602E2CD453DA009249D9 /* PeteBJJCompFeediOSTests.xctest */ = {isa = PBXFileReference; explicitFileType = wrapper.cfbundle; includeInIndex = 0; path = PeteBJJCompFeediOSTests.xctest; sourceTree = BUILT_PRODUCTS_DIR; };
		EF6960402CD567CB009249D9 /* CompetitionsUIIntegrationTests.swift */ = {isa = PBXFileReference; lastKnownFileType = sourcecode.swift; path = CompetitionsUIIntegrationTests.swift; sourceTree = "<group>"; };
		EF73260C2CC75D3500E819DE /* LocalCompetitionsLoader.swift */ = {isa = PBXFileReference; lastKnownFileType = sourcecode.swift; path = LocalCompetitionsLoader.swift; sourceTree = "<group>"; };
		EF7326102CC762D500E819DE /* CompetitionsStore.swift */ = {isa = PBXFileReference; lastKnownFileType = sourcecode.swift; path = CompetitionsStore.swift; sourceTree = "<group>"; };
		EF7326122CC7FD0300E819DE /* LocalCompetition.swift */ = {isa = PBXFileReference; lastKnownFileType = sourcecode.swift; path = LocalCompetition.swift; sourceTree = "<group>"; };
		EF7326162CC812F600E819DE /* LoadCompetitionsFromCacheUseCaseTests.swift */ = {isa = PBXFileReference; lastKnownFileType = sourcecode.swift; path = LoadCompetitionsFromCacheUseCaseTests.swift; sourceTree = "<group>"; };
		EF7326192CC8143500E819DE /* CompetitionsStoreSpy.swift */ = {isa = PBXFileReference; lastKnownFileType = sourcecode.swift; path = CompetitionsStoreSpy.swift; sourceTree = "<group>"; };
		EF96F2212CD9E02600DC3B69 /* UIImage+TestHelpers.swift */ = {isa = PBXFileReference; lastKnownFileType = sourcecode.swift; path = "UIImage+TestHelpers.swift"; sourceTree = "<group>"; };
		EF96F2232CD9E17900DC3B69 /* UIRefreshControl+TestHelpers.swift */ = {isa = PBXFileReference; lastKnownFileType = sourcecode.swift; path = "UIRefreshControl+TestHelpers.swift"; sourceTree = "<group>"; };
		EF96F2252CD9E1DE00DC3B69 /* UIButton+TestHelpers.swift */ = {isa = PBXFileReference; lastKnownFileType = sourcecode.swift; path = "UIButton+TestHelpers.swift"; sourceTree = "<group>"; };
		EF96F2272CD9E27900DC3B69 /* UIControl+TestHelpers.swift */ = {isa = PBXFileReference; lastKnownFileType = sourcecode.swift; path = "UIControl+TestHelpers.swift"; sourceTree = "<group>"; };
		EF96F22D2CD9E4B900DC3B69 /* CompetitionsViewController+TestHelpers.swift */ = {isa = PBXFileReference; lastKnownFileType = sourcecode.swift; path = "CompetitionsViewController+TestHelpers.swift"; sourceTree = "<group>"; };
		EF96F22F2CD9E54F00DC3B69 /* CompetitionsCell+TestHelpers.swift */ = {isa = PBXFileReference; lastKnownFileType = sourcecode.swift; path = "CompetitionsCell+TestHelpers.swift"; sourceTree = "<group>"; };
		EF96F2312CD9E5EE00DC3B69 /* CompetitionsViewControllerTests+LoaderSpy.swift */ = {isa = PBXFileReference; lastKnownFileType = sourcecode.swift; path = "CompetitionsViewControllerTests+LoaderSpy.swift"; sourceTree = "<group>"; };
		EF96F2332CD9E6AB00DC3B69 /* CompetitionsViewControllerTests+Assertions.swift */ = {isa = PBXFileReference; lastKnownFileType = sourcecode.swift; path = "CompetitionsViewControllerTests+Assertions.swift"; sourceTree = "<group>"; };
		EF96F2382CD9ED5E00DC3B69 /* EventImageDataLoader.swift */ = {isa = PBXFileReference; lastKnownFileType = sourcecode.swift; path = EventImageDataLoader.swift; sourceTree = "<group>"; };
		EF96F23C2CDAF31F00DC3B69 /* CompetitionsCellController.swift */ = {isa = PBXFileReference; lastKnownFileType = sourcecode.swift; path = CompetitionsCellController.swift; sourceTree = "<group>"; };
		EF96F23F2CDAF82B00DC3B69 /* CompetitionsUIComposer.swift */ = {isa = PBXFileReference; lastKnownFileType = sourcecode.swift; path = CompetitionsUIComposer.swift; sourceTree = "<group>"; };
		EFAD8AD02CC2DFC700981FB9 /* HTTPClient.swift */ = {isa = PBXFileReference; lastKnownFileType = sourcecode.swift; path = HTTPClient.swift; sourceTree = "<group>"; };
		EFAD8AD22CC2E01700981FB9 /* CompetitionsMapper.swift */ = {isa = PBXFileReference; lastKnownFileType = sourcecode.swift; path = CompetitionsMapper.swift; sourceTree = "<group>"; };
		EFAD8AD52CC30AF200981FB9 /* URLSessionHTTPClientTests.swift */ = {isa = PBXFileReference; lastKnownFileType = sourcecode.swift; path = URLSessionHTTPClientTests.swift; sourceTree = "<group>"; };
		EFAD8AD82CC5170700981FB9 /* XCTestCase+MemoryLeakTracking.swift */ = {isa = PBXFileReference; lastKnownFileType = sourcecode.swift; path = "XCTestCase+MemoryLeakTracking.swift"; sourceTree = "<group>"; };
		EFAD8ADA2CC52B7C00981FB9 /* URLSessionHTTPClient.swift */ = {isa = PBXFileReference; lastKnownFileType = sourcecode.swift; path = URLSessionHTTPClient.swift; sourceTree = "<group>"; };
		EFAD8AE02CC5871700981FB9 /* PeteBJJCompFeedAPIEndToEndTests.xctest */ = {isa = PBXFileReference; explicitFileType = wrapper.cfbundle; includeInIndex = 0; path = PeteBJJCompFeedAPIEndToEndTests.xctest; sourceTree = BUILT_PRODUCTS_DIR; };
		EFAD8AE22CC5871700981FB9 /* BJJCompetitionsFinderAPIEndToEndTests.swift */ = {isa = PBXFileReference; lastKnownFileType = sourcecode.swift; path = BJJCompetitionsFinderAPIEndToEndTests.swift; sourceTree = "<group>"; };
		EFAD8AEB2CC5F83800981FB9 /* CI.xctestplan */ = {isa = PBXFileReference; lastKnownFileType = text; name = CI.xctestplan; path = PeteBJJCompFeedTests/CI.xctestplan; sourceTree = "<group>"; };
		EFAD8AEC2CC616BC00981FB9 /* RemoteCompetition.swift */ = {isa = PBXFileReference; lastKnownFileType = sourcecode.swift; path = RemoteCompetition.swift; sourceTree = "<group>"; };
		EFAD8AEF2CC617D000981FB9 /* Date+Extensions.swift */ = {isa = PBXFileReference; lastKnownFileType = sourcecode.swift; path = "Date+Extensions.swift"; sourceTree = "<group>"; };
		EFAD8AF22CC6F32400981FB9 /* CacheCompetitionsUseCaseTests.swift */ = {isa = PBXFileReference; lastKnownFileType = sourcecode.swift; path = CacheCompetitionsUseCaseTests.swift; sourceTree = "<group>"; };
		EFBCDF3C2CC913210042FA59 /* CompetitionsCachePolicy.swift */ = {isa = PBXFileReference; lastKnownFileType = sourcecode.swift; path = CompetitionsCachePolicy.swift; sourceTree = "<group>"; };
		EFE34E962CD0422B0052096C /* PeteBJJCompFeedCacheIntegrationTests.xctest */ = {isa = PBXFileReference; explicitFileType = wrapper.cfbundle; includeInIndex = 0; path = PeteBJJCompFeedCacheIntegrationTests.xctest; sourceTree = BUILT_PRODUCTS_DIR; };
		EFE34E982CD0422B0052096C /* PeteBJJCompFeedCacheIntegrationTests.swift */ = {isa = PBXFileReference; lastKnownFileType = sourcecode.swift; path = PeteBJJCompFeedCacheIntegrationTests.swift; sourceTree = "<group>"; };
		EFE3B5AE2CCCF3A9009E9195 /* CompetitionsStoreSpecs.swift */ = {isa = PBXFileReference; lastKnownFileType = sourcecode.swift; path = CompetitionsStoreSpecs.swift; sourceTree = "<group>"; };
		EFE3B5B02CCCF65F009E9195 /* XCTestCase+CompetitionsStoreSpecs.swift */ = {isa = PBXFileReference; lastKnownFileType = sourcecode.swift; path = "XCTestCase+CompetitionsStoreSpecs.swift"; sourceTree = "<group>"; };
		EFE3B5B22CCCF80F009E9195 /* XCTestCase+FailableRetrieveCompetitionsStoreSpecs.swift */ = {isa = PBXFileReference; lastKnownFileType = sourcecode.swift; path = "XCTestCase+FailableRetrieveCompetitionsStoreSpecs.swift"; sourceTree = "<group>"; };
		EFE3B5B42CCCFA2B009E9195 /* XCTestCase+FailableInsertCompetitionsStoreSpecs.swift */ = {isa = PBXFileReference; lastKnownFileType = sourcecode.swift; path = "XCTestCase+FailableInsertCompetitionsStoreSpecs.swift"; sourceTree = "<group>"; };
		EFE3B5B62CCCFC44009E9195 /* XCTestCase+FailableDeleteCompetitionsStoreSpecs.swift */ = {isa = PBXFileReference; lastKnownFileType = sourcecode.swift; path = "XCTestCase+FailableDeleteCompetitionsStoreSpecs.swift"; sourceTree = "<group>"; };
		EFE3B5B92CCCFDFC009E9195 /* SharedTestHelpers.swift */ = {isa = PBXFileReference; lastKnownFileType = sourcecode.swift; path = SharedTestHelpers.swift; sourceTree = "<group>"; };
		EFE3B5BB2CCDEDA1009E9195 /* CoreDataCompetitionsStoreTests.swift */ = {isa = PBXFileReference; lastKnownFileType = sourcecode.swift; path = CoreDataCompetitionsStoreTests.swift; sourceTree = "<group>"; };
		EFE3B5BF2CCE4543009E9195 /* CoreDataCompetitionsStore.swift */ = {isa = PBXFileReference; lastKnownFileType = sourcecode.swift; path = CoreDataCompetitionsStore.swift; sourceTree = "<group>"; };
		EFE944562CEA3E0400E3BD75 /* Feed.storyboard */ = {isa = PBXFileReference; lastKnownFileType = file.storyboard; path = Feed.storyboard; sourceTree = "<group>"; };
		EFE944582CEA571E00E3BD75 /* UITableView+Dequeueing.swift */ = {isa = PBXFileReference; lastKnownFileType = sourcecode.swift; path = "UITableView+Dequeueing.swift"; sourceTree = "<group>"; };
		EFE9445A2CEA593900E3BD75 /* UIImageView+Animations.swift */ = {isa = PBXFileReference; lastKnownFileType = sourcecode.swift; path = "UIImageView+Animations.swift"; sourceTree = "<group>"; };
		EFF51A3C2CE99BE50076798B /* CompetitionsImagePresenter.swift */ = {isa = PBXFileReference; lastKnownFileType = sourcecode.swift; path = CompetitionsImagePresenter.swift; sourceTree = "<group>"; };
		EFF51A3E2CE99D3F0076798B /* CompetitionsImageViewModel.swift */ = {isa = PBXFileReference; lastKnownFileType = sourcecode.swift; path = CompetitionsImageViewModel.swift; sourceTree = "<group>"; };
		EFF51A402CE99E4D0076798B /* CompetitionsLoadingViewModel.swift */ = {isa = PBXFileReference; lastKnownFileType = sourcecode.swift; path = CompetitionsLoadingViewModel.swift; sourceTree = "<group>"; };
		EFF51A422CE99E880076798B /* CompetitionsPresenter.swift */ = {isa = PBXFileReference; lastKnownFileType = sourcecode.swift; path = CompetitionsPresenter.swift; sourceTree = "<group>"; };
		EFF51A442CE99FAC0076798B /* CompetitionsViewModel.swift */ = {isa = PBXFileReference; lastKnownFileType = sourcecode.swift; path = CompetitionsViewModel.swift; sourceTree = "<group>"; };
/* End PBXFileReference section */

/* Begin PBXFrameworksBuildPhase section */
		EF0372CB2CBDEC8F00694F89 /* Frameworks */ = {
			isa = PBXFrameworksBuildPhase;
			buildActionMask = 2147483647;
			files = (
			);
			runOnlyForDeploymentPostprocessing = 0;
		};
		EF0372D52CBDEC8F00694F89 /* Frameworks */ = {
			isa = PBXFrameworksBuildPhase;
			buildActionMask = 2147483647;
			files = (
				EF0372D92CBDEC8F00694F89 /* PeteBJJCompFeed.framework in Frameworks */,
			);
			runOnlyForDeploymentPostprocessing = 0;
		};
		EF6960222CD453DA009249D9 /* Frameworks */ = {
			isa = PBXFrameworksBuildPhase;
			buildActionMask = 2147483647;
			files = (
				EF6FF7B02CD56C1A00620845 /* PeteBJJCompFeed.framework in Frameworks */,
			);
			runOnlyForDeploymentPostprocessing = 0;
		};
		EF69602B2CD453DA009249D9 /* Frameworks */ = {
			isa = PBXFrameworksBuildPhase;
			buildActionMask = 2147483647;
			files = (
				EF69602F2CD453DA009249D9 /* PeteBJJCompFeediOS.framework in Frameworks */,
			);
			runOnlyForDeploymentPostprocessing = 0;
		};
		EFAD8ADD2CC5871700981FB9 /* Frameworks */ = {
			isa = PBXFrameworksBuildPhase;
			buildActionMask = 2147483647;
			files = (
				EFAD8AE42CC5871700981FB9 /* PeteBJJCompFeed.framework in Frameworks */,
			);
			runOnlyForDeploymentPostprocessing = 0;
		};
		EFE34E932CD0422B0052096C /* Frameworks */ = {
			isa = PBXFrameworksBuildPhase;
			buildActionMask = 2147483647;
			files = (
				EFE34E9A2CD0422B0052096C /* PeteBJJCompFeed.framework in Frameworks */,
			);
			runOnlyForDeploymentPostprocessing = 0;
		};
/* End PBXFrameworksBuildPhase section */

/* Begin PBXGroup section */
		EF0372C42CBDEC8F00694F89 = {
			isa = PBXGroup;
			children = (
				EFAD8AEB2CC5F83800981FB9 /* CI.xctestplan */,
				EF0372D02CBDEC8F00694F89 /* PeteBJJCompFeed */,
				EF0372DC2CBDEC8F00694F89 /* PeteBJJCompFeedTests */,
				EFAD8AE12CC5871700981FB9 /* PeteBJJCompFeedAPIEndToEndTests */,
				EFE34E972CD0422B0052096C /* PeteBJJCompFeedCacheIntegrationTests */,
				EF6960262CD453DA009249D9 /* PeteBJJCompFeediOS */,
				EF6960322CD453DA009249D9 /* PeteBJJCompFeediOSTests */,
				EF0372CF2CBDEC8F00694F89 /* Products */,
				EF6FF7AF2CD56C1A00620845 /* Frameworks */,
			);
			sourceTree = "<group>";
		};
		EF0372CF2CBDEC8F00694F89 /* Products */ = {
			isa = PBXGroup;
			children = (
				EF0372CE2CBDEC8F00694F89 /* PeteBJJCompFeed.framework */,
				EF0372D82CBDEC8F00694F89 /* PeteBJJCompFeedTests.xctest */,
				EFAD8AE02CC5871700981FB9 /* PeteBJJCompFeedAPIEndToEndTests.xctest */,
				EFE34E962CD0422B0052096C /* PeteBJJCompFeedCacheIntegrationTests.xctest */,
				EF6960252CD453DA009249D9 /* PeteBJJCompFeediOS.framework */,
				EF69602E2CD453DA009249D9 /* PeteBJJCompFeediOSTests.xctest */,
			);
			name = Products;
			sourceTree = "<group>";
		};
		EF0372D02CBDEC8F00694F89 /* PeteBJJCompFeed */ = {
			isa = PBXGroup;
			children = (
				EF73260B2CC75D1500E819DE /* CompetitionsCache */,
				EF0372EC2CBDF02D00694F89 /* CompetitionsFeature */,
				EF0372EF2CBEE98C00694F89 /* CompetitionsAPI */,
			);
			path = PeteBJJCompFeed;
			sourceTree = "<group>";
		};
		EF0372DC2CBDEC8F00694F89 /* PeteBJJCompFeedTests */ = {
			isa = PBXGroup;
			children = (
				EFAD8AD72CC516BE00981FB9 /* Helpers */,
				EFAD8AF12CC6F29700981FB9 /* CompetitionsCache */,
				EFAD8AD42CC2E74C00981FB9 /* CompetitionsAPI */,
			);
			path = PeteBJJCompFeedTests;
			sourceTree = "<group>";
		};
		EF0372EC2CBDF02D00694F89 /* CompetitionsFeature */ = {
			isa = PBXGroup;
			children = (
				EF0372E82CBDED3600694F89 /* Competition.swift */,
				EFAD8AEC2CC616BC00981FB9 /* RemoteCompetition.swift */,
				EF7326122CC7FD0300E819DE /* LocalCompetition.swift */,
				EF0372EA2CBDEEDC00694F89 /* CompetitionsLoader.swift */,
			);
			path = CompetitionsFeature;
			sourceTree = "<group>";
		};
		EF0372EF2CBEE98C00694F89 /* CompetitionsAPI */ = {
			isa = PBXGroup;
			children = (
				EFAD8AEE2CC617B600981FB9 /* Helpers */,
				EF0372F02CBEE9F500694F89 /* RemoteCompetitionsLoader.swift */,
				EFAD8AD22CC2E01700981FB9 /* CompetitionsMapper.swift */,
				EFAD8AD02CC2DFC700981FB9 /* HTTPClient.swift */,
				EFAD8ADA2CC52B7C00981FB9 /* URLSessionHTTPClient.swift */,
			);
			path = CompetitionsAPI;
			sourceTree = "<group>";
		};
		EF6960262CD453DA009249D9 /* PeteBJJCompFeediOS */ = {
			isa = PBXGroup;
			children = (
				EFF51A3B2CE99BB50076798B /* Feed Presentation */,
				EF96F2372CD9ED0F00DC3B69 /* Feed Image Loader */,
				EF96F2352CD9E98900DC3B69 /* Feed UI */,
				EF3BFCC42CD78262008CA424 /* CompetitiveEvent.swift */,
				EF3BFCC82CD782FD008CA424 /* Competition+EventExtensions.swift */,
			);
			path = PeteBJJCompFeediOS;
			sourceTree = "<group>";
		};
		EF6960322CD453DA009249D9 /* PeteBJJCompFeediOSTests */ = {
			isa = PBXGroup;
			children = (
				EF96F2362CD9EC2100DC3B69 /* Feed UI */,
				EF96F2202CD9E00A00DC3B69 /* Helpers */,
			);
			path = PeteBJJCompFeediOSTests;
			sourceTree = "<group>";
		};
		EF6FF7AF2CD56C1A00620845 /* Frameworks */ = {
			isa = PBXGroup;
			children = (
			);
			name = Frameworks;
			sourceTree = "<group>";
		};
		EF73260B2CC75D1500E819DE /* CompetitionsCache */ = {
			isa = PBXGroup;
			children = (
				EF73260C2CC75D3500E819DE /* LocalCompetitionsLoader.swift */,
				EF7326102CC762D500E819DE /* CompetitionsStore.swift */,
				EFBCDF3C2CC913210042FA59 /* CompetitionsCachePolicy.swift */,
				EFE3B5AE2CCCF3A9009E9195 /* CompetitionsStoreSpecs.swift */,
				EFE3B5BF2CCE4543009E9195 /* CoreDataCompetitionsStore.swift */,
				EF41EDDA2CD168C500A5F976 /* CoreDataCompetitionsStore+CompetitionsStore.swift */,
				EF695FF52CD2B601009249D9 /* CompetitionsStore.xcdatamodeld */,
			);
			path = CompetitionsCache;
			sourceTree = "<group>";
		};
		EF7326182CC813FE00E819DE /* Helpers */ = {
			isa = PBXGroup;
			children = (
				EF7326192CC8143500E819DE /* CompetitionsStoreSpy.swift */,
			);
			path = Helpers;
			sourceTree = "<group>";
		};
		EF96F2202CD9E00A00DC3B69 /* Helpers */ = {
			isa = PBXGroup;
			children = (
				EF96F2212CD9E02600DC3B69 /* UIImage+TestHelpers.swift */,
				EF96F2232CD9E17900DC3B69 /* UIRefreshControl+TestHelpers.swift */,
				EF96F2252CD9E1DE00DC3B69 /* UIButton+TestHelpers.swift */,
				EF96F2272CD9E27900DC3B69 /* UIControl+TestHelpers.swift */,
			);
			path = Helpers;
			sourceTree = "<group>";
		};
		EF96F2292CD9E37E00DC3B69 /* Views */ = {
			isa = PBXGroup;
			children = (
				EF3BFCC62CD78290008CA424 /* CompetitionsCell.swift */,
				EF3BFCCA2CD96219008CA424 /* UIView+Shimmering.swift */,
				EFE944562CEA3E0400E3BD75 /* Feed.storyboard */,
				EFE944582CEA571E00E3BD75 /* UITableView+Dequeueing.swift */,
				EFE9445A2CEA593900E3BD75 /* UIImageView+Animations.swift */,
			);
			path = Views;
			sourceTree = "<group>";
		};
		EF96F22A2CD9E38A00DC3B69 /* Controllers */ = {
			isa = PBXGroup;
			children = (
				EF3BFCC02CD5A7C3008CA424 /* CompetitionsViewControllerTests.swift */,
				EF96F23C2CDAF31F00DC3B69 /* CompetitionsCellController.swift */,
			);
			path = Controllers;
			sourceTree = "<group>";
		};
		EF96F22B2CD9E3D300DC3B69 /* Controllers */ = {
			isa = PBXGroup;
			children = (
				EF96F22C2CD9E44A00DC3B69 /* Helpers */,
				EF6960402CD567CB009249D9 /* CompetitionsUIIntegrationTests.swift */,
			);
			path = Controllers;
			sourceTree = "<group>";
		};
		EF96F22C2CD9E44A00DC3B69 /* Helpers */ = {
			isa = PBXGroup;
			children = (
				EF96F22D2CD9E4B900DC3B69 /* CompetitionsViewController+TestHelpers.swift */,
				EF96F22F2CD9E54F00DC3B69 /* CompetitionsCell+TestHelpers.swift */,
				EF96F2312CD9E5EE00DC3B69 /* CompetitionsViewControllerTests+LoaderSpy.swift */,
				EF96F2332CD9E6AB00DC3B69 /* CompetitionsViewControllerTests+Assertions.swift */,
			);
			path = Helpers;
			sourceTree = "<group>";
		};
		EF96F2352CD9E98900DC3B69 /* Feed UI */ = {
			isa = PBXGroup;
			children = (
				EF96F23E2CDAF81700DC3B69 /* Composers */,
				EF96F2292CD9E37E00DC3B69 /* Views */,
				EF96F22A2CD9E38A00DC3B69 /* Controllers */,
			);
			path = "Feed UI";
			sourceTree = "<group>";
		};
		EF96F2362CD9EC2100DC3B69 /* Feed UI */ = {
			isa = PBXGroup;
			children = (
				EF96F22B2CD9E3D300DC3B69 /* Controllers */,
			);
			path = "Feed UI";
			sourceTree = "<group>";
		};
		EF96F2372CD9ED0F00DC3B69 /* Feed Image Loader */ = {
			isa = PBXGroup;
			children = (
				EF96F2382CD9ED5E00DC3B69 /* EventImageDataLoader.swift */,
			);
			path = "Feed Image Loader";
			sourceTree = "<group>";
		};
		EF96F23E2CDAF81700DC3B69 /* Composers */ = {
			isa = PBXGroup;
			children = (
				EF96F23F2CDAF82B00DC3B69 /* CompetitionsUIComposer.swift */,
			);
			path = Composers;
			sourceTree = "<group>";
		};
		EFAD8AD42CC2E74C00981FB9 /* CompetitionsAPI */ = {
			isa = PBXGroup;
			children = (
				EF0372ED2CBDF28600694F89 /* LoadCompetitionsFromServerUseCaseTests.swift */,
				EFAD8AD52CC30AF200981FB9 /* URLSessionHTTPClientTests.swift */,
			);
			path = CompetitionsAPI;
			sourceTree = "<group>";
		};
		EFAD8AD72CC516BE00981FB9 /* Helpers */ = {
			isa = PBXGroup;
			children = (
				EFAD8AD82CC5170700981FB9 /* XCTestCase+MemoryLeakTracking.swift */,
				EFE3B5B92CCCFDFC009E9195 /* SharedTestHelpers.swift */,
			);
			path = Helpers;
			sourceTree = "<group>";
		};
		EFAD8AE12CC5871700981FB9 /* PeteBJJCompFeedAPIEndToEndTests */ = {
			isa = PBXGroup;
			children = (
				EFAD8AE22CC5871700981FB9 /* BJJCompetitionsFinderAPIEndToEndTests.swift */,
			);
			path = PeteBJJCompFeedAPIEndToEndTests;
			sourceTree = "<group>";
		};
		EFAD8AEE2CC617B600981FB9 /* Helpers */ = {
			isa = PBXGroup;
			children = (
				EFAD8AEF2CC617D000981FB9 /* Date+Extensions.swift */,
			);
			path = Helpers;
			sourceTree = "<group>";
		};
		EFAD8AF12CC6F29700981FB9 /* CompetitionsCache */ = {
			isa = PBXGroup;
			children = (
				EF7326182CC813FE00E819DE /* Helpers */,
				EFE3B5B82CCCFD48009E9195 /* CompetitionsStoreSpecs */,
				EFAD8AF22CC6F32400981FB9 /* CacheCompetitionsUseCaseTests.swift */,
				EF7326162CC812F600E819DE /* LoadCompetitionsFromCacheUseCaseTests.swift */,
				EFE3B5BB2CCDEDA1009E9195 /* CoreDataCompetitionsStoreTests.swift */,
			);
			path = CompetitionsCache;
			sourceTree = "<group>";
		};
		EFE34E972CD0422B0052096C /* PeteBJJCompFeedCacheIntegrationTests */ = {
			isa = PBXGroup;
			children = (
				EFE34E982CD0422B0052096C /* PeteBJJCompFeedCacheIntegrationTests.swift */,
			);
			path = PeteBJJCompFeedCacheIntegrationTests;
			sourceTree = "<group>";
		};
		EFE3B5B82CCCFD48009E9195 /* CompetitionsStoreSpecs */ = {
			isa = PBXGroup;
			children = (
				EFE3B5B02CCCF65F009E9195 /* XCTestCase+CompetitionsStoreSpecs.swift */,
				EFE3B5B22CCCF80F009E9195 /* XCTestCase+FailableRetrieveCompetitionsStoreSpecs.swift */,
				EFE3B5B42CCCFA2B009E9195 /* XCTestCase+FailableInsertCompetitionsStoreSpecs.swift */,
				EFE3B5B62CCCFC44009E9195 /* XCTestCase+FailableDeleteCompetitionsStoreSpecs.swift */,
			);
			path = CompetitionsStoreSpecs;
			sourceTree = "<group>";
		};
		EFF51A3B2CE99BB50076798B /* Feed Presentation */ = {
			isa = PBXGroup;
			children = (
				EFF51A3C2CE99BE50076798B /* CompetitionsImagePresenter.swift */,
				EFF51A3E2CE99D3F0076798B /* CompetitionsImageViewModel.swift */,
				EFF51A402CE99E4D0076798B /* CompetitionsLoadingViewModel.swift */,
				EFF51A422CE99E880076798B /* CompetitionsPresenter.swift */,
				EFF51A442CE99FAC0076798B /* CompetitionsViewModel.swift */,
			);
			path = "Feed Presentation";
			sourceTree = "<group>";
		};
/* End PBXGroup section */

/* Begin PBXHeadersBuildPhase section */
		EF0372C92CBDEC8F00694F89 /* Headers */ = {
			isa = PBXHeadersBuildPhase;
			buildActionMask = 2147483647;
			files = (
			);
			runOnlyForDeploymentPostprocessing = 0;
		};
		EF6960202CD453DA009249D9 /* Headers */ = {
			isa = PBXHeadersBuildPhase;
			buildActionMask = 2147483647;
			files = (
			);
			runOnlyForDeploymentPostprocessing = 0;
		};
/* End PBXHeadersBuildPhase section */

/* Begin PBXNativeTarget section */
		EF0372CD2CBDEC8F00694F89 /* PeteBJJCompFeed */ = {
			isa = PBXNativeTarget;
			buildConfigurationList = EF0372E22CBDEC8F00694F89 /* Build configuration list for PBXNativeTarget "PeteBJJCompFeed" */;
			buildPhases = (
				EF0372C92CBDEC8F00694F89 /* Headers */,
				EF0372CA2CBDEC8F00694F89 /* Sources */,
				EF0372CB2CBDEC8F00694F89 /* Frameworks */,
				EF0372CC2CBDEC8F00694F89 /* Resources */,
			);
			buildRules = (
			);
			dependencies = (
			);
			name = PeteBJJCompFeed;
			productName = PeteBJJCompFeed;
			productReference = EF0372CE2CBDEC8F00694F89 /* PeteBJJCompFeed.framework */;
			productType = "com.apple.product-type.framework";
		};
		EF0372D72CBDEC8F00694F89 /* PeteBJJCompFeedTests */ = {
			isa = PBXNativeTarget;
			buildConfigurationList = EF0372E52CBDEC8F00694F89 /* Build configuration list for PBXNativeTarget "PeteBJJCompFeedTests" */;
			buildPhases = (
				EF0372D42CBDEC8F00694F89 /* Sources */,
				EF0372D52CBDEC8F00694F89 /* Frameworks */,
				EF0372D62CBDEC8F00694F89 /* Resources */,
			);
			buildRules = (
			);
			dependencies = (
				EF0372DB2CBDEC8F00694F89 /* PBXTargetDependency */,
			);
			name = PeteBJJCompFeedTests;
			productName = PeteBJJCompFeedTests;
			productReference = EF0372D82CBDEC8F00694F89 /* PeteBJJCompFeedTests.xctest */;
			productType = "com.apple.product-type.bundle.unit-test";
		};
		EF6960242CD453DA009249D9 /* PeteBJJCompFeediOS */ = {
			isa = PBXNativeTarget;
			buildConfigurationList = EF6960362CD453DA009249D9 /* Build configuration list for PBXNativeTarget "PeteBJJCompFeediOS" */;
			buildPhases = (
				EF6960202CD453DA009249D9 /* Headers */,
				EF6960212CD453DA009249D9 /* Sources */,
				EF6960222CD453DA009249D9 /* Frameworks */,
				EF6960232CD453DA009249D9 /* Resources */,
				EF6FF7B42CD56C1A00620845 /* Embed Frameworks */,
			);
			buildRules = (
			);
			dependencies = (
				EF6FF7B32CD56C1A00620845 /* PBXTargetDependency */,
			);
			name = PeteBJJCompFeediOS;
			productName = PeteBJJCompFeediOS;
			productReference = EF6960252CD453DA009249D9 /* PeteBJJCompFeediOS.framework */;
			productType = "com.apple.product-type.framework";
		};
		EF69602D2CD453DA009249D9 /* PeteBJJCompFeediOSTests */ = {
			isa = PBXNativeTarget;
			buildConfigurationList = EF6960392CD453DA009249D9 /* Build configuration list for PBXNativeTarget "PeteBJJCompFeediOSTests" */;
			buildPhases = (
				EF69602A2CD453DA009249D9 /* Sources */,
				EF69602B2CD453DA009249D9 /* Frameworks */,
				EF69602C2CD453DA009249D9 /* Resources */,
			);
			buildRules = (
			);
			dependencies = (
				EF6960312CD453DA009249D9 /* PBXTargetDependency */,
			);
			name = PeteBJJCompFeediOSTests;
			productName = PeteBJJCompFeediOSTests;
			productReference = EF69602E2CD453DA009249D9 /* PeteBJJCompFeediOSTests.xctest */;
			productType = "com.apple.product-type.bundle.unit-test";
		};
		EFAD8ADF2CC5871700981FB9 /* PeteBJJCompFeedAPIEndToEndTests */ = {
			isa = PBXNativeTarget;
			buildConfigurationList = EFAD8AE72CC5871700981FB9 /* Build configuration list for PBXNativeTarget "PeteBJJCompFeedAPIEndToEndTests" */;
			buildPhases = (
				EFAD8ADC2CC5871700981FB9 /* Sources */,
				EFAD8ADD2CC5871700981FB9 /* Frameworks */,
				EFAD8ADE2CC5871700981FB9 /* Resources */,
			);
			buildRules = (
			);
			dependencies = (
				EFAD8AE62CC5871700981FB9 /* PBXTargetDependency */,
			);
			name = PeteBJJCompFeedAPIEndToEndTests;
			productName = PeteBJJCompFeedAPIEndToEndTests;
			productReference = EFAD8AE02CC5871700981FB9 /* PeteBJJCompFeedAPIEndToEndTests.xctest */;
			productType = "com.apple.product-type.bundle.unit-test";
		};
		EFE34E952CD0422B0052096C /* PeteBJJCompFeedCacheIntegrationTests */ = {
			isa = PBXNativeTarget;
			buildConfigurationList = EFE34E9F2CD0422B0052096C /* Build configuration list for PBXNativeTarget "PeteBJJCompFeedCacheIntegrationTests" */;
			buildPhases = (
				EFE34E922CD0422B0052096C /* Sources */,
				EFE34E932CD0422B0052096C /* Frameworks */,
				EFE34E942CD0422B0052096C /* Resources */,
			);
			buildRules = (
			);
			dependencies = (
				EFE34E9C2CD0422B0052096C /* PBXTargetDependency */,
			);
			name = PeteBJJCompFeedCacheIntegrationTests;
			productName = PeteBJJCompFeedCacheIntegrationTests;
			productReference = EFE34E962CD0422B0052096C /* PeteBJJCompFeedCacheIntegrationTests.xctest */;
			productType = "com.apple.product-type.bundle.unit-test";
		};
/* End PBXNativeTarget section */

/* Begin PBXProject section */
		EF0372C52CBDEC8F00694F89 /* Project object */ = {
			isa = PBXProject;
			attributes = {
				BuildIndependentTargetsInParallel = 1;
				LastSwiftUpdateCheck = 1540;
				LastUpgradeCheck = 1540;
				TargetAttributes = {
					EF0372CD2CBDEC8F00694F89 = {
						CreatedOnToolsVersion = 15.4;
					};
					EF0372D72CBDEC8F00694F89 = {
						CreatedOnToolsVersion = 15.4;
					};
					EF6960242CD453DA009249D9 = {
						CreatedOnToolsVersion = 15.4;
					};
					EF69602D2CD453DA009249D9 = {
						CreatedOnToolsVersion = 15.4;
					};
					EFAD8ADF2CC5871700981FB9 = {
						CreatedOnToolsVersion = 15.4;
					};
					EFE34E952CD0422B0052096C = {
						CreatedOnToolsVersion = 15.4;
					};
				};
			};
			buildConfigurationList = EF0372C82CBDEC8F00694F89 /* Build configuration list for PBXProject "PeteBJJCompFeed" */;
			compatibilityVersion = "Xcode 14.0";
			developmentRegion = en;
			hasScannedForEncodings = 0;
			knownRegions = (
				en,
				Base,
			);
			mainGroup = EF0372C42CBDEC8F00694F89;
			productRefGroup = EF0372CF2CBDEC8F00694F89 /* Products */;
			projectDirPath = "";
			projectRoot = "";
			targets = (
				EF0372CD2CBDEC8F00694F89 /* PeteBJJCompFeed */,
				EF0372D72CBDEC8F00694F89 /* PeteBJJCompFeedTests */,
				EFAD8ADF2CC5871700981FB9 /* PeteBJJCompFeedAPIEndToEndTests */,
				EFE34E952CD0422B0052096C /* PeteBJJCompFeedCacheIntegrationTests */,
				EF6960242CD453DA009249D9 /* PeteBJJCompFeediOS */,
				EF69602D2CD453DA009249D9 /* PeteBJJCompFeediOSTests */,
			);
		};
/* End PBXProject section */

/* Begin PBXResourcesBuildPhase section */
		EF0372CC2CBDEC8F00694F89 /* Resources */ = {
			isa = PBXResourcesBuildPhase;
			buildActionMask = 2147483647;
			files = (
			);
			runOnlyForDeploymentPostprocessing = 0;
		};
		EF0372D62CBDEC8F00694F89 /* Resources */ = {
			isa = PBXResourcesBuildPhase;
			buildActionMask = 2147483647;
			files = (
			);
			runOnlyForDeploymentPostprocessing = 0;
		};
		EF6960232CD453DA009249D9 /* Resources */ = {
			isa = PBXResourcesBuildPhase;
			buildActionMask = 2147483647;
			files = (
				EFE944572CEA3E0400E3BD75 /* Feed.storyboard in Resources */,
			);
			runOnlyForDeploymentPostprocessing = 0;
		};
		EF69602C2CD453DA009249D9 /* Resources */ = {
			isa = PBXResourcesBuildPhase;
			buildActionMask = 2147483647;
			files = (
			);
			runOnlyForDeploymentPostprocessing = 0;
		};
		EFAD8ADE2CC5871700981FB9 /* Resources */ = {
			isa = PBXResourcesBuildPhase;
			buildActionMask = 2147483647;
			files = (
			);
			runOnlyForDeploymentPostprocessing = 0;
		};
		EFE34E942CD0422B0052096C /* Resources */ = {
			isa = PBXResourcesBuildPhase;
			buildActionMask = 2147483647;
			files = (
			);
			runOnlyForDeploymentPostprocessing = 0;
		};
/* End PBXResourcesBuildPhase section */

/* Begin PBXSourcesBuildPhase section */
		EF0372CA2CBDEC8F00694F89 /* Sources */ = {
			isa = PBXSourcesBuildPhase;
			buildActionMask = 2147483647;
			files = (
				EF7326112CC762D500E819DE /* CompetitionsStore.swift in Sources */,
				EF695FF92CD2B618009249D9 /* CompetitionsStore.xcdatamodeld in Sources */,
				EFBCDF3D2CC913210042FA59 /* CompetitionsCachePolicy.swift in Sources */,
				EFE3B5AF2CCCF3A9009E9195 /* CompetitionsStoreSpecs.swift in Sources */,
				EFAD8ADB2CC52B7C00981FB9 /* URLSessionHTTPClient.swift in Sources */,
				EFAD8AED2CC616BC00981FB9 /* RemoteCompetition.swift in Sources */,
				EF73260D2CC75D3500E819DE /* LocalCompetitionsLoader.swift in Sources */,
				EFAD8AF02CC617D000981FB9 /* Date+Extensions.swift in Sources */,
				EF41EDDB2CD168C500A5F976 /* CoreDataCompetitionsStore+CompetitionsStore.swift in Sources */,
				EFE3B5C02CCE4543009E9195 /* CoreDataCompetitionsStore.swift in Sources */,
				EFAD8AD32CC2E01700981FB9 /* CompetitionsMapper.swift in Sources */,
				EF0372EB2CBDEEDC00694F89 /* CompetitionsLoader.swift in Sources */,
				EFAD8AD12CC2DFC700981FB9 /* HTTPClient.swift in Sources */,
				EF0372F12CBEE9F500694F89 /* RemoteCompetitionsLoader.swift in Sources */,
				EF0372E92CBDED3600694F89 /* Competition.swift in Sources */,
				EF7326132CC7FD0300E819DE /* LocalCompetition.swift in Sources */,
			);
			runOnlyForDeploymentPostprocessing = 0;
		};
		EF0372D42CBDEC8F00694F89 /* Sources */ = {
			isa = PBXSourcesBuildPhase;
			buildActionMask = 2147483647;
			files = (
				EF0372EE2CBDF28600694F89 /* LoadCompetitionsFromServerUseCaseTests.swift in Sources */,
				EFAD8AD62CC30AF200981FB9 /* URLSessionHTTPClientTests.swift in Sources */,
				EFE3B5B52CCCFA2B009E9195 /* XCTestCase+FailableInsertCompetitionsStoreSpecs.swift in Sources */,
				EF73261A2CC8143500E819DE /* CompetitionsStoreSpy.swift in Sources */,
				EFE3B5BC2CCDEDA1009E9195 /* CoreDataCompetitionsStoreTests.swift in Sources */,
				EFE3B5B72CCCFC44009E9195 /* XCTestCase+FailableDeleteCompetitionsStoreSpecs.swift in Sources */,
				EF7326172CC812F600E819DE /* LoadCompetitionsFromCacheUseCaseTests.swift in Sources */,
				EFAD8AF32CC6F32400981FB9 /* CacheCompetitionsUseCaseTests.swift in Sources */,
				EFE3B5B12CCCF65F009E9195 /* XCTestCase+CompetitionsStoreSpecs.swift in Sources */,
				EFE3B5BA2CCCFDFC009E9195 /* SharedTestHelpers.swift in Sources */,
				EFE3B5B32CCCF80F009E9195 /* XCTestCase+FailableRetrieveCompetitionsStoreSpecs.swift in Sources */,
				EFAD8AD92CC5170700981FB9 /* XCTestCase+MemoryLeakTracking.swift in Sources */,
			);
			runOnlyForDeploymentPostprocessing = 0;
		};
		EF6960212CD453DA009249D9 /* Sources */ = {
			isa = PBXSourcesBuildPhase;
			buildActionMask = 2147483647;
			files = (
				EFF51A452CE99FAC0076798B /* CompetitionsViewModel.swift in Sources */,
				EFF51A3D2CE99BE50076798B /* CompetitionsImagePresenter.swift in Sources */,
				EF3BFCC92CD782FD008CA424 /* Competition+EventExtensions.swift in Sources */,
				EFE9445B2CEA593900E3BD75 /* UIImageView+Animations.swift in Sources */,
				EF3BFCCB2CD96219008CA424 /* UIView+Shimmering.swift in Sources */,
				EFF51A432CE99E880076798B /* CompetitionsPresenter.swift in Sources */,
				EF96F2402CDAF82B00DC3B69 /* CompetitionsUIComposer.swift in Sources */,
				EF96F23D2CDAF31F00DC3B69 /* CompetitionsCellController.swift in Sources */,
				EF3BFCC72CD78290008CA424 /* CompetitionsCell.swift in Sources */,
				EFF51A3F2CE99D3F0076798B /* CompetitionsImageViewModel.swift in Sources */,
				EF96F2392CD9ED5E00DC3B69 /* EventImageDataLoader.swift in Sources */,
				EF3BFCC52CD78262008CA424 /* CompetitiveEvent.swift in Sources */,
				EFE944592CEA571E00E3BD75 /* UITableView+Dequeueing.swift in Sources */,
				EFF51A412CE99E4D0076798B /* CompetitionsLoadingViewModel.swift in Sources */,
				EF3BFCC12CD5A7C3008CA424 /* CompetitionsViewControllerTests.swift in Sources */,
			);
			runOnlyForDeploymentPostprocessing = 0;
		};
		EF69602A2CD453DA009249D9 /* Sources */ = {
			isa = PBXSourcesBuildPhase;
			buildActionMask = 2147483647;
			files = (
				EF3BFCC22CD5A87F008CA424 /* CompetitionsUIIntegrationTests.swift in Sources */,
				EF96F2282CD9E27900DC3B69 /* UIControl+TestHelpers.swift in Sources */,
				EF96F22E2CD9E4B900DC3B69 /* CompetitionsViewController+TestHelpers.swift in Sources */,
				EF96F2242CD9E17900DC3B69 /* UIRefreshControl+TestHelpers.swift in Sources */,
				EF96F2322CD9E5EE00DC3B69 /* CompetitionsViewControllerTests+LoaderSpy.swift in Sources */,
				EF3BFCBF2CD57F35008CA424 /* XCTestCase+MemoryLeakTracking.swift in Sources */,
				EF3BFCC32CD73DCD008CA424 /* SharedTestHelpers.swift in Sources */,
				EF96F2302CD9E54F00DC3B69 /* CompetitionsCell+TestHelpers.swift in Sources */,
				EF96F2222CD9E02600DC3B69 /* UIImage+TestHelpers.swift in Sources */,
				EF96F2342CD9E6AB00DC3B69 /* CompetitionsViewControllerTests+Assertions.swift in Sources */,
				EF96F2262CD9E1DE00DC3B69 /* UIButton+TestHelpers.swift in Sources */,
			);
			runOnlyForDeploymentPostprocessing = 0;
		};
		EFAD8ADC2CC5871700981FB9 /* Sources */ = {
			isa = PBXSourcesBuildPhase;
			buildActionMask = 2147483647;
			files = (
				EFAD8AE32CC5871700981FB9 /* BJJCompetitionsFinderAPIEndToEndTests.swift in Sources */,
				EFAD8AEA2CC5F6B200981FB9 /* XCTestCase+MemoryLeakTracking.swift in Sources */,
			);
			runOnlyForDeploymentPostprocessing = 0;
		};
		EFE34E922CD0422B0052096C /* Sources */ = {
			isa = PBXSourcesBuildPhase;
			buildActionMask = 2147483647;
			files = (
				EFE34E992CD0422B0052096C /* PeteBJJCompFeedCacheIntegrationTests.swift in Sources */,
				EFE34EA02CD0444D0052096C /* XCTestCase+MemoryLeakTracking.swift in Sources */,
				EFE34EA12CD048A20052096C /* SharedTestHelpers.swift in Sources */,
			);
			runOnlyForDeploymentPostprocessing = 0;
		};
/* End PBXSourcesBuildPhase section */

/* Begin PBXTargetDependency section */
		EF0372DB2CBDEC8F00694F89 /* PBXTargetDependency */ = {
			isa = PBXTargetDependency;
			target = EF0372CD2CBDEC8F00694F89 /* PeteBJJCompFeed */;
			targetProxy = EF0372DA2CBDEC8F00694F89 /* PBXContainerItemProxy */;
		};
		EF6960312CD453DA009249D9 /* PBXTargetDependency */ = {
			isa = PBXTargetDependency;
			target = EF6960242CD453DA009249D9 /* PeteBJJCompFeediOS */;
			targetProxy = EF6960302CD453DA009249D9 /* PBXContainerItemProxy */;
		};
		EF6FF7B32CD56C1A00620845 /* PBXTargetDependency */ = {
			isa = PBXTargetDependency;
			platformFilter = ios;
			target = EF0372CD2CBDEC8F00694F89 /* PeteBJJCompFeed */;
			targetProxy = EF6FF7B22CD56C1A00620845 /* PBXContainerItemProxy */;
		};
		EFAD8AE62CC5871700981FB9 /* PBXTargetDependency */ = {
			isa = PBXTargetDependency;
			target = EF0372CD2CBDEC8F00694F89 /* PeteBJJCompFeed */;
			targetProxy = EFAD8AE52CC5871700981FB9 /* PBXContainerItemProxy */;
		};
		EFE34E9C2CD0422B0052096C /* PBXTargetDependency */ = {
			isa = PBXTargetDependency;
			target = EF0372CD2CBDEC8F00694F89 /* PeteBJJCompFeed */;
			targetProxy = EFE34E9B2CD0422B0052096C /* PBXContainerItemProxy */;
		};
/* End PBXTargetDependency section */

/* Begin XCBuildConfiguration section */
		EF0372E02CBDEC8F00694F89 /* Debug */ = {
			isa = XCBuildConfiguration;
			buildSettings = {
				ALWAYS_SEARCH_USER_PATHS = NO;
				ASSETCATALOG_COMPILER_GENERATE_SWIFT_ASSET_SYMBOL_EXTENSIONS = YES;
				CLANG_ANALYZER_NONNULL = YES;
				CLANG_ANALYZER_NUMBER_OBJECT_CONVERSION = YES_AGGRESSIVE;
				CLANG_CXX_LANGUAGE_STANDARD = "gnu++20";
				CLANG_ENABLE_MODULES = YES;
				CLANG_ENABLE_OBJC_ARC = YES;
				CLANG_ENABLE_OBJC_WEAK = YES;
				CLANG_WARN_BLOCK_CAPTURE_AUTORELEASING = YES;
				CLANG_WARN_BOOL_CONVERSION = YES;
				CLANG_WARN_COMMA = YES;
				CLANG_WARN_CONSTANT_CONVERSION = YES;
				CLANG_WARN_DEPRECATED_OBJC_IMPLEMENTATIONS = YES;
				CLANG_WARN_DIRECT_OBJC_ISA_USAGE = YES_ERROR;
				CLANG_WARN_DOCUMENTATION_COMMENTS = YES;
				CLANG_WARN_EMPTY_BODY = YES;
				CLANG_WARN_ENUM_CONVERSION = YES;
				CLANG_WARN_INFINITE_RECURSION = YES;
				CLANG_WARN_INT_CONVERSION = YES;
				CLANG_WARN_NON_LITERAL_NULL_CONVERSION = YES;
				CLANG_WARN_OBJC_IMPLICIT_RETAIN_SELF = YES;
				CLANG_WARN_OBJC_LITERAL_CONVERSION = YES;
				CLANG_WARN_OBJC_ROOT_CLASS = YES_ERROR;
				CLANG_WARN_QUOTED_INCLUDE_IN_FRAMEWORK_HEADER = YES;
				CLANG_WARN_RANGE_LOOP_ANALYSIS = YES;
				CLANG_WARN_STRICT_PROTOTYPES = YES;
				CLANG_WARN_SUSPICIOUS_MOVE = YES;
				CLANG_WARN_UNGUARDED_AVAILABILITY = YES_AGGRESSIVE;
				CLANG_WARN_UNREACHABLE_CODE = YES;
				CLANG_WARN__DUPLICATE_METHOD_MATCH = YES;
				COPY_PHASE_STRIP = NO;
				CURRENT_PROJECT_VERSION = 1;
				DEBUG_INFORMATION_FORMAT = dwarf;
				ENABLE_STRICT_OBJC_MSGSEND = YES;
				ENABLE_TESTABILITY = YES;
				ENABLE_USER_SCRIPT_SANDBOXING = YES;
				GCC_C_LANGUAGE_STANDARD = gnu17;
				GCC_DYNAMIC_NO_PIC = NO;
				GCC_NO_COMMON_BLOCKS = YES;
				GCC_OPTIMIZATION_LEVEL = 0;
				GCC_PREPROCESSOR_DEFINITIONS = (
					"DEBUG=1",
					"$(inherited)",
				);
				GCC_WARN_64_TO_32_BIT_CONVERSION = YES;
				GCC_WARN_ABOUT_RETURN_TYPE = YES_ERROR;
				GCC_WARN_UNDECLARED_SELECTOR = YES;
				GCC_WARN_UNINITIALIZED_AUTOS = YES_AGGRESSIVE;
				GCC_WARN_UNUSED_FUNCTION = YES;
				GCC_WARN_UNUSED_VARIABLE = YES;
				LOCALIZATION_PREFERS_STRING_CATALOGS = YES;
				MACOSX_DEPLOYMENT_TARGET = 14.4;
				MTL_ENABLE_DEBUG_INFO = INCLUDE_SOURCE;
				MTL_FAST_MATH = YES;
				ONLY_ACTIVE_ARCH = YES;
				SDKROOT = macosx;
				SWIFT_ACTIVE_COMPILATION_CONDITIONS = "DEBUG $(inherited)";
				SWIFT_OPTIMIZATION_LEVEL = "-Onone";
				VERSIONING_SYSTEM = "apple-generic";
				VERSION_INFO_PREFIX = "";
			};
			name = Debug;
		};
		EF0372E12CBDEC8F00694F89 /* Release */ = {
			isa = XCBuildConfiguration;
			buildSettings = {
				ALWAYS_SEARCH_USER_PATHS = NO;
				ASSETCATALOG_COMPILER_GENERATE_SWIFT_ASSET_SYMBOL_EXTENSIONS = YES;
				CLANG_ANALYZER_NONNULL = YES;
				CLANG_ANALYZER_NUMBER_OBJECT_CONVERSION = YES_AGGRESSIVE;
				CLANG_CXX_LANGUAGE_STANDARD = "gnu++20";
				CLANG_ENABLE_MODULES = YES;
				CLANG_ENABLE_OBJC_ARC = YES;
				CLANG_ENABLE_OBJC_WEAK = YES;
				CLANG_WARN_BLOCK_CAPTURE_AUTORELEASING = YES;
				CLANG_WARN_BOOL_CONVERSION = YES;
				CLANG_WARN_COMMA = YES;
				CLANG_WARN_CONSTANT_CONVERSION = YES;
				CLANG_WARN_DEPRECATED_OBJC_IMPLEMENTATIONS = YES;
				CLANG_WARN_DIRECT_OBJC_ISA_USAGE = YES_ERROR;
				CLANG_WARN_DOCUMENTATION_COMMENTS = YES;
				CLANG_WARN_EMPTY_BODY = YES;
				CLANG_WARN_ENUM_CONVERSION = YES;
				CLANG_WARN_INFINITE_RECURSION = YES;
				CLANG_WARN_INT_CONVERSION = YES;
				CLANG_WARN_NON_LITERAL_NULL_CONVERSION = YES;
				CLANG_WARN_OBJC_IMPLICIT_RETAIN_SELF = YES;
				CLANG_WARN_OBJC_LITERAL_CONVERSION = YES;
				CLANG_WARN_OBJC_ROOT_CLASS = YES_ERROR;
				CLANG_WARN_QUOTED_INCLUDE_IN_FRAMEWORK_HEADER = YES;
				CLANG_WARN_RANGE_LOOP_ANALYSIS = YES;
				CLANG_WARN_STRICT_PROTOTYPES = YES;
				CLANG_WARN_SUSPICIOUS_MOVE = YES;
				CLANG_WARN_UNGUARDED_AVAILABILITY = YES_AGGRESSIVE;
				CLANG_WARN_UNREACHABLE_CODE = YES;
				CLANG_WARN__DUPLICATE_METHOD_MATCH = YES;
				COPY_PHASE_STRIP = NO;
				CURRENT_PROJECT_VERSION = 1;
				DEBUG_INFORMATION_FORMAT = "dwarf-with-dsym";
				ENABLE_NS_ASSERTIONS = NO;
				ENABLE_STRICT_OBJC_MSGSEND = YES;
				ENABLE_USER_SCRIPT_SANDBOXING = YES;
				GCC_C_LANGUAGE_STANDARD = gnu17;
				GCC_NO_COMMON_BLOCKS = YES;
				GCC_WARN_64_TO_32_BIT_CONVERSION = YES;
				GCC_WARN_ABOUT_RETURN_TYPE = YES_ERROR;
				GCC_WARN_UNDECLARED_SELECTOR = YES;
				GCC_WARN_UNINITIALIZED_AUTOS = YES_AGGRESSIVE;
				GCC_WARN_UNUSED_FUNCTION = YES;
				GCC_WARN_UNUSED_VARIABLE = YES;
				LOCALIZATION_PREFERS_STRING_CATALOGS = YES;
				MACOSX_DEPLOYMENT_TARGET = 14.4;
				MTL_ENABLE_DEBUG_INFO = NO;
				MTL_FAST_MATH = YES;
				SDKROOT = macosx;
				SWIFT_COMPILATION_MODE = wholemodule;
				VERSIONING_SYSTEM = "apple-generic";
				VERSION_INFO_PREFIX = "";
			};
			name = Release;
		};
		EF0372E32CBDEC8F00694F89 /* Debug */ = {
			isa = XCBuildConfiguration;
			buildSettings = {
				BUILD_LIBRARY_FOR_DISTRIBUTION = YES;
				CODE_SIGN_STYLE = Automatic;
				COMBINE_HIDPI_IMAGES = YES;
				CORE_DATA_MODEL_DIR = "$(SRCROOT)";
				CURRENT_PROJECT_VERSION = 1;
				DEFINES_MODULE = NO;
				DEVELOPMENT_TEAM = KQ87GPXAXK;
				DYLIB_COMPATIBILITY_VERSION = 1;
				DYLIB_CURRENT_VERSION = 1;
				DYLIB_INSTALL_NAME_BASE = "@rpath";
				ENABLE_MODULE_VERIFIER = YES;
				GENERATE_INFOPLIST_FILE = YES;
				INFOPLIST_KEY_NSHumanReadableCopyright = "";
				INSTALL_PATH = "$(LOCAL_LIBRARY_DIR)/Frameworks";
				LD_RUNPATH_SEARCH_PATHS = (
					"$(inherited)",
					"@executable_path/../Frameworks",
					"@loader_path/Frameworks",
				);
				MARKETING_VERSION = 1.0;
				MODULE_VERIFIER_SUPPORTED_LANGUAGES = "objective-c objective-c++";
				MODULE_VERIFIER_SUPPORTED_LANGUAGE_STANDARDS = "gnu17 gnu++20";
				MOMC_INPUT_PATH = "$(SRCROOT)/CompetitionsCache";
				MOMC_OUTPUT_PATH = "$(DERIVED_FILE_DIR)/CoreDataGenerated";
				PRODUCT_BUNDLE_IDENTIFIER = com.vincethecoder.PeteBJJCompFeed;
				PRODUCT_NAME = "$(TARGET_NAME:c99extidentifier)";
				SKIP_INSTALL = YES;
				SUPPORTED_PLATFORMS = "macosx iphoneos iphonesimulator";
				SWIFT_EMIT_LOC_STRINGS = YES;
				SWIFT_INSTALL_OBJC_HEADER = NO;
				SWIFT_VERSION = 5.0;
				USER_HEADER_SEARCH_PATHS = "$(DERIVED_FILE_DIR)/CoreDataGenerated";
			};
			name = Debug;
		};
		EF0372E42CBDEC8F00694F89 /* Release */ = {
			isa = XCBuildConfiguration;
			buildSettings = {
				BUILD_LIBRARY_FOR_DISTRIBUTION = YES;
				CODE_SIGN_STYLE = Automatic;
				COMBINE_HIDPI_IMAGES = YES;
				CORE_DATA_MODEL_DIR = "$(SRCROOT)";
				CURRENT_PROJECT_VERSION = 1;
				DEFINES_MODULE = NO;
				DEVELOPMENT_TEAM = KQ87GPXAXK;
				DYLIB_COMPATIBILITY_VERSION = 1;
				DYLIB_CURRENT_VERSION = 1;
				DYLIB_INSTALL_NAME_BASE = "@rpath";
				ENABLE_MODULE_VERIFIER = YES;
				GENERATE_INFOPLIST_FILE = YES;
				INFOPLIST_KEY_NSHumanReadableCopyright = "";
				INSTALL_PATH = "$(LOCAL_LIBRARY_DIR)/Frameworks";
				LD_RUNPATH_SEARCH_PATHS = (
					"$(inherited)",
					"@executable_path/../Frameworks",
					"@loader_path/Frameworks",
				);
				MARKETING_VERSION = 1.0;
				MODULE_VERIFIER_SUPPORTED_LANGUAGES = "objective-c objective-c++";
				MODULE_VERIFIER_SUPPORTED_LANGUAGE_STANDARDS = "gnu17 gnu++20";
				MOMC_INPUT_PATH = "$(SRCROOT)/CompetitionsCache";
				MOMC_OUTPUT_PATH = "$(DERIVED_FILE_DIR)/CoreDataGenerated";
				PRODUCT_BUNDLE_IDENTIFIER = com.vincethecoder.PeteBJJCompFeed;
				PRODUCT_NAME = "$(TARGET_NAME:c99extidentifier)";
				SKIP_INSTALL = YES;
				SUPPORTED_PLATFORMS = "macosx iphoneos iphonesimulator";
				SWIFT_EMIT_LOC_STRINGS = YES;
				SWIFT_INSTALL_OBJC_HEADER = NO;
				SWIFT_VERSION = 5.0;
				USER_HEADER_SEARCH_PATHS = "$(DERIVED_FILE_DIR)/CoreDataGenerated";
			};
			name = Release;
		};
		EF0372E62CBDEC8F00694F89 /* Debug */ = {
			isa = XCBuildConfiguration;
			buildSettings = {
				ALWAYS_EMBED_SWIFT_STANDARD_LIBRARIES = YES;
				CODE_SIGN_STYLE = Automatic;
				CURRENT_PROJECT_VERSION = 1;
				DEVELOPMENT_TEAM = KQ87GPXAXK;
				GENERATE_INFOPLIST_FILE = YES;
				MARKETING_VERSION = 1.0;
				PRODUCT_BUNDLE_IDENTIFIER = com.vincethecoder.PeteBJJCompFeedTests;
				PRODUCT_NAME = "$(TARGET_NAME)";
				SUPPORTED_PLATFORMS = "macosx iphoneos iphonesimulator";
				SWIFT_EMIT_LOC_STRINGS = NO;
				SWIFT_VERSION = 5.0;
			};
			name = Debug;
		};
		EF0372E72CBDEC8F00694F89 /* Release */ = {
			isa = XCBuildConfiguration;
			buildSettings = {
				ALWAYS_EMBED_SWIFT_STANDARD_LIBRARIES = YES;
				CODE_SIGN_STYLE = Automatic;
				CURRENT_PROJECT_VERSION = 1;
				DEVELOPMENT_TEAM = KQ87GPXAXK;
				GENERATE_INFOPLIST_FILE = YES;
				MARKETING_VERSION = 1.0;
				PRODUCT_BUNDLE_IDENTIFIER = com.vincethecoder.PeteBJJCompFeedTests;
				PRODUCT_NAME = "$(TARGET_NAME)";
				SUPPORTED_PLATFORMS = "macosx iphoneos iphonesimulator";
				SWIFT_EMIT_LOC_STRINGS = NO;
				SWIFT_VERSION = 5.0;
			};
			name = Release;
		};
		EF6960372CD453DA009249D9 /* Debug */ = {
			isa = XCBuildConfiguration;
			buildSettings = {
				BUILD_LIBRARY_FOR_DISTRIBUTION = YES;
				CODE_SIGN_STYLE = Automatic;
				CURRENT_PROJECT_VERSION = 1;
				DEFINES_MODULE = NO;
				DEVELOPMENT_TEAM = KQ87GPXAXK;
				DYLIB_COMPATIBILITY_VERSION = 1;
				DYLIB_CURRENT_VERSION = 1;
				DYLIB_INSTALL_NAME_BASE = "@rpath";
				ENABLE_MODULE_VERIFIER = YES;
				GENERATE_INFOPLIST_FILE = YES;
				INFOPLIST_KEY_NSHumanReadableCopyright = "";
				INSTALL_PATH = "$(LOCAL_LIBRARY_DIR)/Frameworks";
				IPHONEOS_DEPLOYMENT_TARGET = 17.5;
				LD_RUNPATH_SEARCH_PATHS = (
					"$(inherited)",
					"@executable_path/Frameworks",
					"@loader_path/Frameworks",
				);
				MARKETING_VERSION = 1.0;
				MODULE_VERIFIER_SUPPORTED_LANGUAGES = "objective-c objective-c++";
				MODULE_VERIFIER_SUPPORTED_LANGUAGE_STANDARDS = "gnu17 gnu++20";
				PRODUCT_BUNDLE_IDENTIFIER = com.vincethecoder.PeteBJJCompFeediOS;
				PRODUCT_NAME = "$(TARGET_NAME:c99extidentifier)";
				SDKROOT = iphoneos;
				SKIP_INSTALL = YES;
				SWIFT_EMIT_LOC_STRINGS = YES;
				SWIFT_INSTALL_OBJC_HEADER = NO;
				SWIFT_VERSION = 5.0;
				TARGETED_DEVICE_FAMILY = "1,2";
			};
			name = Debug;
		};
		EF6960382CD453DA009249D9 /* Release */ = {
			isa = XCBuildConfiguration;
			buildSettings = {
				BUILD_LIBRARY_FOR_DISTRIBUTION = YES;
				CODE_SIGN_STYLE = Automatic;
				CURRENT_PROJECT_VERSION = 1;
				DEFINES_MODULE = NO;
				DEVELOPMENT_TEAM = KQ87GPXAXK;
				DYLIB_COMPATIBILITY_VERSION = 1;
				DYLIB_CURRENT_VERSION = 1;
				DYLIB_INSTALL_NAME_BASE = "@rpath";
				ENABLE_MODULE_VERIFIER = YES;
				GENERATE_INFOPLIST_FILE = YES;
				INFOPLIST_KEY_NSHumanReadableCopyright = "";
				INSTALL_PATH = "$(LOCAL_LIBRARY_DIR)/Frameworks";
				IPHONEOS_DEPLOYMENT_TARGET = 17.5;
				LD_RUNPATH_SEARCH_PATHS = (
					"$(inherited)",
					"@executable_path/Frameworks",
					"@loader_path/Frameworks",
				);
				MARKETING_VERSION = 1.0;
				MODULE_VERIFIER_SUPPORTED_LANGUAGES = "objective-c objective-c++";
				MODULE_VERIFIER_SUPPORTED_LANGUAGE_STANDARDS = "gnu17 gnu++20";
				PRODUCT_BUNDLE_IDENTIFIER = com.vincethecoder.PeteBJJCompFeediOS;
				PRODUCT_NAME = "$(TARGET_NAME:c99extidentifier)";
				SDKROOT = iphoneos;
				SKIP_INSTALL = YES;
				SWIFT_EMIT_LOC_STRINGS = YES;
				SWIFT_INSTALL_OBJC_HEADER = NO;
				SWIFT_VERSION = 5.0;
				TARGETED_DEVICE_FAMILY = "1,2";
				VALIDATE_PRODUCT = YES;
			};
			name = Release;
		};
		EF69603A2CD453DA009249D9 /* Debug */ = {
			isa = XCBuildConfiguration;
			buildSettings = {
				ALWAYS_EMBED_SWIFT_STANDARD_LIBRARIES = YES;
				CODE_SIGN_STYLE = Automatic;
				CURRENT_PROJECT_VERSION = 1;
				DEVELOPMENT_TEAM = KQ87GPXAXK;
				GENERATE_INFOPLIST_FILE = YES;
				IPHONEOS_DEPLOYMENT_TARGET = 17.5;
				MARKETING_VERSION = 1.0;
				PRODUCT_BUNDLE_IDENTIFIER = com.vincethecoder.PeteBJJCompFeediOSTests;
				PRODUCT_NAME = "$(TARGET_NAME)";
				SDKROOT = iphoneos;
				SWIFT_EMIT_LOC_STRINGS = NO;
				SWIFT_VERSION = 5.0;
				TARGETED_DEVICE_FAMILY = "1,2";
			};
			name = Debug;
		};
		EF69603B2CD453DA009249D9 /* Release */ = {
			isa = XCBuildConfiguration;
			buildSettings = {
				ALWAYS_EMBED_SWIFT_STANDARD_LIBRARIES = YES;
				CODE_SIGN_STYLE = Automatic;
				CURRENT_PROJECT_VERSION = 1;
				DEVELOPMENT_TEAM = KQ87GPXAXK;
				GENERATE_INFOPLIST_FILE = YES;
				IPHONEOS_DEPLOYMENT_TARGET = 17.5;
				MARKETING_VERSION = 1.0;
				PRODUCT_BUNDLE_IDENTIFIER = com.vincethecoder.PeteBJJCompFeediOSTests;
				PRODUCT_NAME = "$(TARGET_NAME)";
				SDKROOT = iphoneos;
				SWIFT_EMIT_LOC_STRINGS = NO;
				SWIFT_VERSION = 5.0;
				TARGETED_DEVICE_FAMILY = "1,2";
				VALIDATE_PRODUCT = YES;
			};
			name = Release;
		};
		EFAD8AE82CC5871700981FB9 /* Debug */ = {
			isa = XCBuildConfiguration;
			buildSettings = {
				CODE_SIGN_STYLE = Automatic;
				CURRENT_PROJECT_VERSION = 1;
				DEVELOPMENT_TEAM = KQ87GPXAXK;
				GENERATE_INFOPLIST_FILE = YES;
				MARKETING_VERSION = 1.0;
				PRODUCT_BUNDLE_IDENTIFIER = com.vincethecoder.PeteBJJCompFeedAPIEndToEndTests;
				PRODUCT_NAME = "$(TARGET_NAME)";
				SUPPORTED_PLATFORMS = "macosx iphoneos iphonesimulator";
				SWIFT_EMIT_LOC_STRINGS = NO;
				SWIFT_VERSION = 5.0;
			};
			name = Debug;
		};
		EFAD8AE92CC5871700981FB9 /* Release */ = {
			isa = XCBuildConfiguration;
			buildSettings = {
				CODE_SIGN_STYLE = Automatic;
				CURRENT_PROJECT_VERSION = 1;
				DEVELOPMENT_TEAM = KQ87GPXAXK;
				GENERATE_INFOPLIST_FILE = YES;
				MARKETING_VERSION = 1.0;
				PRODUCT_BUNDLE_IDENTIFIER = com.vincethecoder.PeteBJJCompFeedAPIEndToEndTests;
				PRODUCT_NAME = "$(TARGET_NAME)";
				SUPPORTED_PLATFORMS = "macosx iphoneos iphonesimulator";
				SWIFT_EMIT_LOC_STRINGS = NO;
				SWIFT_VERSION = 5.0;
			};
			name = Release;
		};
		EFE34E9D2CD0422B0052096C /* Debug */ = {
			isa = XCBuildConfiguration;
			buildSettings = {
				CODE_SIGN_STYLE = Automatic;
				CURRENT_PROJECT_VERSION = 1;
				DEVELOPMENT_TEAM = KQ87GPXAXK;
				GENERATE_INFOPLIST_FILE = YES;
				MARKETING_VERSION = 1.0;
				PRODUCT_BUNDLE_IDENTIFIER = com.vincethecoder.PeteBJJCompFeedCacheIntegrationTests;
				PRODUCT_NAME = "$(TARGET_NAME)";
				SUPPORTED_PLATFORMS = "macosx iphonesimulator iphoneos";
				SWIFT_EMIT_LOC_STRINGS = NO;
				SWIFT_VERSION = 5.0;
			};
			name = Debug;
		};
		EFE34E9E2CD0422B0052096C /* Release */ = {
			isa = XCBuildConfiguration;
			buildSettings = {
				CODE_SIGN_STYLE = Automatic;
				CURRENT_PROJECT_VERSION = 1;
				DEVELOPMENT_TEAM = KQ87GPXAXK;
				GENERATE_INFOPLIST_FILE = YES;
				MARKETING_VERSION = 1.0;
				PRODUCT_BUNDLE_IDENTIFIER = com.vincethecoder.PeteBJJCompFeedCacheIntegrationTests;
				PRODUCT_NAME = "$(TARGET_NAME)";
				SUPPORTED_PLATFORMS = "macosx iphonesimulator iphoneos";
				SWIFT_EMIT_LOC_STRINGS = NO;
				SWIFT_VERSION = 5.0;
			};
			name = Release;
		};
/* End XCBuildConfiguration section */

/* Begin XCConfigurationList section */
		EF0372C82CBDEC8F00694F89 /* Build configuration list for PBXProject "PeteBJJCompFeed" */ = {
			isa = XCConfigurationList;
			buildConfigurations = (
				EF0372E02CBDEC8F00694F89 /* Debug */,
				EF0372E12CBDEC8F00694F89 /* Release */,
			);
			defaultConfigurationIsVisible = 0;
			defaultConfigurationName = Release;
		};
		EF0372E22CBDEC8F00694F89 /* Build configuration list for PBXNativeTarget "PeteBJJCompFeed" */ = {
			isa = XCConfigurationList;
			buildConfigurations = (
				EF0372E32CBDEC8F00694F89 /* Debug */,
				EF0372E42CBDEC8F00694F89 /* Release */,
			);
			defaultConfigurationIsVisible = 0;
			defaultConfigurationName = Release;
		};
		EF0372E52CBDEC8F00694F89 /* Build configuration list for PBXNativeTarget "PeteBJJCompFeedTests" */ = {
			isa = XCConfigurationList;
			buildConfigurations = (
				EF0372E62CBDEC8F00694F89 /* Debug */,
				EF0372E72CBDEC8F00694F89 /* Release */,
			);
			defaultConfigurationIsVisible = 0;
			defaultConfigurationName = Release;
		};
		EF6960362CD453DA009249D9 /* Build configuration list for PBXNativeTarget "PeteBJJCompFeediOS" */ = {
			isa = XCConfigurationList;
			buildConfigurations = (
				EF6960372CD453DA009249D9 /* Debug */,
				EF6960382CD453DA009249D9 /* Release */,
			);
			defaultConfigurationIsVisible = 0;
			defaultConfigurationName = Release;
		};
		EF6960392CD453DA009249D9 /* Build configuration list for PBXNativeTarget "PeteBJJCompFeediOSTests" */ = {
			isa = XCConfigurationList;
			buildConfigurations = (
				EF69603A2CD453DA009249D9 /* Debug */,
				EF69603B2CD453DA009249D9 /* Release */,
			);
			defaultConfigurationIsVisible = 0;
			defaultConfigurationName = Release;
		};
		EFAD8AE72CC5871700981FB9 /* Build configuration list for PBXNativeTarget "PeteBJJCompFeedAPIEndToEndTests" */ = {
			isa = XCConfigurationList;
			buildConfigurations = (
				EFAD8AE82CC5871700981FB9 /* Debug */,
				EFAD8AE92CC5871700981FB9 /* Release */,
			);
			defaultConfigurationIsVisible = 0;
			defaultConfigurationName = Release;
		};
		EFE34E9F2CD0422B0052096C /* Build configuration list for PBXNativeTarget "PeteBJJCompFeedCacheIntegrationTests" */ = {
			isa = XCConfigurationList;
			buildConfigurations = (
				EFE34E9D2CD0422B0052096C /* Debug */,
				EFE34E9E2CD0422B0052096C /* Release */,
			);
			defaultConfigurationIsVisible = 0;
			defaultConfigurationName = Release;
		};
/* End XCConfigurationList section */

/* Begin XCVersionGroup section */
		EF695FF52CD2B601009249D9 /* CompetitionsStore.xcdatamodeld */ = {
			isa = XCVersionGroup;
			children = (
				EF695FF62CD2B601009249D9 /* CompetitionsStore.xcdatamodel */,
				EF695FF72CD2B601009249D9 /* CompetitionsStore2.xcdatamodel */,
			);
			currentVersion = EF695FF72CD2B601009249D9 /* CompetitionsStore2.xcdatamodel */;
			path = CompetitionsStore.xcdatamodeld;
			sourceTree = "<group>";
			versionGroupType = wrapper.xcdatamodel;
		};
/* End XCVersionGroup section */
	};
	rootObject = EF0372C52CBDEC8F00694F89 /* Project object */;
}
