// !$*UTF8*$!
{
	archiveVersion = 1;
	classes = {
	};
	objectVersion = 56;
	objects = {

/* Begin PBXBuildFile section */
		EFE944A82CED8B2600E3BD75 /* AppDelegate.swift in Sources */ = {isa = PBXBuildFile; fileRef = EFE944A72CED8B2600E3BD75 /* AppDelegate.swift */; };
		EFE944AA2CED8B2600E3BD75 /* SceneDelegate.swift in Sources */ = {isa = PBXBuildFile; fileRef = EFE944A92CED8B2600E3BD75 /* SceneDelegate.swift */; };
		EFE944AC2CED8B2600E3BD75 /* ViewController.swift in Sources */ = {isa = PBXBuildFile; fileRef = EFE944AB2CED8B2600E3BD75 /* ViewController.swift */; };
		EFE944AF2CED8B2600E3BD75 /* Base in Resources */ = {isa = PBXBuildFile; fileRef = EFE944AE2CED8B2600E3BD75 /* Base */; };
		EFE944B12CED8B2700E3BD75 /* Assets.xcassets in Resources */ = {isa = PBXBuildFile; fileRef = EFE944B02CED8B2700E3BD75 /* Assets.xcassets */; };
		EFE944B42CED8B2700E3BD75 /* Base in Resources */ = {isa = PBXBuildFile; fileRef = EFE944B32CED8B2700E3BD75 /* Base */; };
		EFE944D42CED8EED00E3BD75 /* PeteBJJCompFeed.framework in Frameworks */ = {isa = PBXBuildFile; fileRef = EFE944D22CED8EED00E3BD75 /* PeteBJJCompFeed.framework */; };
		EFE944D52CED8EED00E3BD75 /* PeteBJJCompFeed.framework in Embed Frameworks */ = {isa = PBXBuildFile; fileRef = EFE944D22CED8EED00E3BD75 /* PeteBJJCompFeed.framework */; settings = {ATTRIBUTES = (CodeSignOnCopy, RemoveHeadersOnCopy, ); }; };
		EFE944D62CED8EED00E3BD75 /* PeteBJJCompFeediOS.framework in Frameworks */ = {isa = PBXBuildFile; fileRef = EFE944D32CED8EED00E3BD75 /* PeteBJJCompFeediOS.framework */; };
		EFE944D72CED8EED00E3BD75 /* PeteBJJCompFeediOS.framework in Embed Frameworks */ = {isa = PBXBuildFile; fileRef = EFE944D32CED8EED00E3BD75 /* PeteBJJCompFeediOS.framework */; settings = {ATTRIBUTES = (CodeSignOnCopy, RemoveHeadersOnCopy, ); }; };
/* End PBXBuildFile section */

/* Begin PBXCopyFilesBuildPhase section */
		EFE944D82CED8EED00E3BD75 /* Embed Frameworks */ = {
			isa = PBXCopyFilesBuildPhase;
			buildActionMask = 2147483647;
			dstPath = "";
			dstSubfolderSpec = 10;
			files = (
				EFE944D72CED8EED00E3BD75 /* PeteBJJCompFeediOS.framework in Embed Frameworks */,
				EFE944D52CED8EED00E3BD75 /* PeteBJJCompFeed.framework in Embed Frameworks */,
			);
			name = "Embed Frameworks";
			runOnlyForDeploymentPostprocessing = 0;
		};
/* End PBXCopyFilesBuildPhase section */

/* Begin PBXFileReference section */
		EFE944A42CED8B2600E3BD75 /* PeteBJJCompApp.app */ = {isa = PBXFileReference; explicitFileType = wrapper.application; includeInIndex = 0; path = PeteBJJCompApp.app; sourceTree = BUILT_PRODUCTS_DIR; };
		EFE944A72CED8B2600E3BD75 /* AppDelegate.swift */ = {isa = PBXFileReference; lastKnownFileType = sourcecode.swift; path = AppDelegate.swift; sourceTree = "<group>"; };
		EFE944A92CED8B2600E3BD75 /* SceneDelegate.swift */ = {isa = PBXFileReference; lastKnownFileType = sourcecode.swift; path = SceneDelegate.swift; sourceTree = "<group>"; };
		EFE944AB2CED8B2600E3BD75 /* ViewController.swift */ = {isa = PBXFileReference; lastKnownFileType = sourcecode.swift; path = ViewController.swift; sourceTree = "<group>"; };
		EFE944AE2CED8B2600E3BD75 /* Base */ = {isa = PBXFileReference; lastKnownFileType = file.storyboard; name = Base; path = Base.lproj/Main.storyboard; sourceTree = "<group>"; };
		EFE944B02CED8B2700E3BD75 /* Assets.xcassets */ = {isa = PBXFileReference; lastKnownFileType = folder.assetcatalog; path = Assets.xcassets; sourceTree = "<group>"; };
		EFE944B32CED8B2700E3BD75 /* Base */ = {isa = PBXFileReference; lastKnownFileType = file.storyboard; name = Base; path = Base.lproj/LaunchScreen.storyboard; sourceTree = "<group>"; };
		EFE944B52CED8B2700E3BD75 /* Info.plist */ = {isa = PBXFileReference; lastKnownFileType = text.plist.xml; path = Info.plist; sourceTree = "<group>"; };
		EFE944D22CED8EED00E3BD75 /* PeteBJJCompFeed.framework */ = {isa = PBXFileReference; explicitFileType = wrapper.framework; path = PeteBJJCompFeed.framework; sourceTree = BUILT_PRODUCTS_DIR; };
		EFE944D32CED8EED00E3BD75 /* PeteBJJCompFeediOS.framework */ = {isa = PBXFileReference; explicitFileType = wrapper.framework; path = PeteBJJCompFeediOS.framework; sourceTree = BUILT_PRODUCTS_DIR; };
/* End PBXFileReference section */

/* Begin PBXFrameworksBuildPhase section */
		EFE944A12CED8B2600E3BD75 /* Frameworks */ = {
			isa = PBXFrameworksBuildPhase;
			buildActionMask = 2147483647;
			files = (
				EFE944D62CED8EED00E3BD75 /* PeteBJJCompFeediOS.framework in Frameworks */,
				EFE944D42CED8EED00E3BD75 /* PeteBJJCompFeed.framework in Frameworks */,
			);
			runOnlyForDeploymentPostprocessing = 0;
		};
/* End PBXFrameworksBuildPhase section */

/* Begin PBXGroup section */
		EFE9449B2CED8B2600E3BD75 = {
			isa = PBXGroup;
			children = (
				EFE944A62CED8B2600E3BD75 /* PeteBJJCompApp */,
				EFE944A52CED8B2600E3BD75 /* Products */,
				EFE944D12CED8EED00E3BD75 /* Frameworks */,
			);
			sourceTree = "<group>";
		};
		EFE944A52CED8B2600E3BD75 /* Products */ = {
			isa = PBXGroup;
			children = (
				EFE944A42CED8B2600E3BD75 /* PeteBJJCompApp.app */,
			);
			name = Products;
			sourceTree = "<group>";
		};
		EFE944A62CED8B2600E3BD75 /* PeteBJJCompApp */ = {
			isa = PBXGroup;
			children = (
				EFE944A72CED8B2600E3BD75 /* AppDelegate.swift */,
				EFE944A92CED8B2600E3BD75 /* SceneDelegate.swift */,
				EFE944AB2CED8B2600E3BD75 /* ViewController.swift */,
				EFE944AD2CED8B2600E3BD75 /* Main.storyboard */,
				EFE944B02CED8B2700E3BD75 /* Assets.xcassets */,
				EFE944B22CED8B2700E3BD75 /* LaunchScreen.storyboard */,
				EFE944B52CED8B2700E3BD75 /* Info.plist */,
			);
			path = PeteBJJCompApp;
			sourceTree = "<group>";
		};
		EFE944D12CED8EED00E3BD75 /* Frameworks */ = {
			isa = PBXGroup;
			children = (
				EFE944D22CED8EED00E3BD75 /* PeteBJJCompFeed.framework */,
				EFE944D32CED8EED00E3BD75 /* PeteBJJCompFeediOS.framework */,
			);
			name = Frameworks;
			sourceTree = "<group>";
		};
/* End PBXGroup section */

/* Begin PBXNativeTarget section */
		EFE944A32CED8B2600E3BD75 /* PeteBJJCompApp */ = {
			isa = PBXNativeTarget;
			buildConfigurationList = EFE944B82CED8B2700E3BD75 /* Build configuration list for PBXNativeTarget "PeteBJJCompApp" */;
			buildPhases = (
				EFE944A02CED8B2600E3BD75 /* Sources */,
				EFE944A12CED8B2600E3BD75 /* Frameworks */,
				EFE944A22CED8B2600E3BD75 /* Resources */,
				EFE944D82CED8EED00E3BD75 /* Embed Frameworks */,
			);
			buildRules = (
			);
			dependencies = (
			);
			name = PeteBJJCompApp;
			productName = PeteBJJCompApp;
			productReference = EFE944A42CED8B2600E3BD75 /* PeteBJJCompApp.app */;
			productType = "com.apple.product-type.application";
		};
/* End PBXNativeTarget section */

/* Begin PBXProject section */
		EFE9449C2CED8B2600E3BD75 /* Project object */ = {
			isa = PBXProject;
			attributes = {
				BuildIndependentTargetsInParallel = 1;
				LastSwiftUpdateCheck = 1540;
				LastUpgradeCheck = 1540;
				TargetAttributes = {
					EFE944A32CED8B2600E3BD75 = {
						CreatedOnToolsVersion = 15.4;
					};
				};
			};
			buildConfigurationList = EFE9449F2CED8B2600E3BD75 /* Build configuration list for PBXProject "PeteBJJCompApp" */;
			compatibilityVersion = "Xcode 14.0";
			developmentRegion = en;
			hasScannedForEncodings = 0;
			knownRegions = (
				en,
				Base,
			);
			mainGroup = EFE9449B2CED8B2600E3BD75;
			productRefGroup = EFE944A52CED8B2600E3BD75 /* Products */;
			projectDirPath = "";
			projectRoot = "";
			targets = (
				EFE944A32CED8B2600E3BD75 /* PeteBJJCompApp */,
			);
		};
/* End PBXProject section */

/* Begin PBXResourcesBuildPhase section */
		EFE944A22CED8B2600E3BD75 /* Resources */ = {
			isa = PBXResourcesBuildPhase;
			buildActionMask = 2147483647;
			files = (
				EFE944B12CED8B2700E3BD75 /* Assets.xcassets in Resources */,
				EFE944B42CED8B2700E3BD75 /* Base in Resources */,
				EFE944AF2CED8B2600E3BD75 /* Base in Resources */,
			);
			runOnlyForDeploymentPostprocessing = 0;
		};
/* End PBXResourcesBuildPhase section */

/* Begin PBXSourcesBuildPhase section */
		EFE944A02CED8B2600E3BD75 /* Sources */ = {
			isa = PBXSourcesBuildPhase;
			buildActionMask = 2147483647;
			files = (
				EFE944AC2CED8B2600E3BD75 /* ViewController.swift in Sources */,
				EFE944A82CED8B2600E3BD75 /* AppDelegate.swift in Sources */,
				EFE944AA2CED8B2600E3BD75 /* SceneDelegate.swift in Sources */,
			);
			runOnlyForDeploymentPostprocessing = 0;
		};
/* End PBXSourcesBuildPhase section */

/* Begin PBXVariantGroup section */
		EFE944AD2CED8B2600E3BD75 /* Main.storyboard */ = {
			isa = PBXVariantGroup;
			children = (
				EFE944AE2CED8B2600E3BD75 /* Base */,
			);
			name = Main.storyboard;
			sourceTree = "<group>";
		};
		EFE944B22CED8B2700E3BD75 /* LaunchScreen.storyboard */ = {
			isa = PBXVariantGroup;
			children = (
				EFE944B32CED8B2700E3BD75 /* Base */,
			);
			name = LaunchScreen.storyboard;
			sourceTree = "<group>";
		};
/* End PBXVariantGroup section */

/* Begin XCBuildConfiguration section */
		EFE944B62CED8B2700E3BD75 /* Debug */ = {
			isa = XCBuildConfiguration;
			buildSettings = {
				ALWAYS_SEARCH_USER_PATHS = NO;
				ASSETCATALOG_COMPILER_GENERATE_SWIFT_ASSET_SYMBOL_EXTENSIONS = YES;
				CLANG_ANALYZER_NONNULL = YES;
				CLANG_ANALYZER_NUMBER_OBJECT_CONVERSION = YES_AGGRESSIVE;
				CLANG_CXX_LANGUAGE_STANDARD = "gnu++20";
				CLANG_ENABLE_MODULES = YES;
				CLANG_ENABLE_OBJC_ARC = YES;
				CLANG_ENABLE_OBJC_WEAK = YES;
				CLANG_WARN_BLOCK_CAPTURE_AUTORELEASING = YES;
				CLANG_WARN_BOOL_CONVERSION = YES;
				CLANG_WARN_COMMA = YES;
				CLANG_WARN_CONSTANT_CONVERSION = YES;
				CLANG_WARN_DEPRECATED_OBJC_IMPLEMENTATIONS = YES;
				CLANG_WARN_DIRECT_OBJC_ISA_USAGE = YES_ERROR;
				CLANG_WARN_DOCUMENTATION_COMMENTS = YES;
				CLANG_WARN_EMPTY_BODY = YES;
				CLANG_WARN_ENUM_CONVERSION = YES;
				CLANG_WARN_INFINITE_RECURSION = YES;
				CLANG_WARN_INT_CONVERSION = YES;
				CLANG_WARN_NON_LITERAL_NULL_CONVERSION = YES;
				CLANG_WARN_OBJC_IMPLICIT_RETAIN_SELF = YES;
				CLANG_WARN_OBJC_LITERAL_CONVERSION = YES;
				CLANG_WARN_OBJC_ROOT_CLASS = YES_ERROR;
				CLANG_WARN_QUOTED_INCLUDE_IN_FRAMEWORK_HEADER = YES;
				CLANG_WARN_RANGE_LOOP_ANALYSIS = YES;
				CLANG_WARN_STRICT_PROTOTYPES = YES;
				CLANG_WARN_SUSPICIOUS_MOVE = YES;
				CLANG_WARN_UNGUARDED_AVAILABILITY = YES_AGGRESSIVE;
				CLANG_WARN_UNREACHABLE_CODE = YES;
				CLANG_WARN__DUPLICATE_METHOD_MATCH = YES;
				COPY_PHASE_STRIP = NO;
				DEBUG_INFORMATION_FORMAT = dwarf;
				ENABLE_STRICT_OBJC_MSGSEND = YES;
				ENABLE_TESTABILITY = YES;
				ENABLE_USER_SCRIPT_SANDBOXING = YES;
				GCC_C_LANGUAGE_STANDARD = gnu17;
				GCC_DYNAMIC_NO_PIC = NO;
				GCC_NO_COMMON_BLOCKS = YES;
				GCC_OPTIMIZATION_LEVEL = 0;
				GCC_PREPROCESSOR_DEFINITIONS = (
					"DEBUG=1",
					"$(inherited)",
				);
				GCC_WARN_64_TO_32_BIT_CONVERSION = YES;
				GCC_WARN_ABOUT_RETURN_TYPE = YES_ERROR;
				GCC_WARN_UNDECLARED_SELECTOR = YES;
				GCC_WARN_UNINITIALIZED_AUTOS = YES_AGGRESSIVE;
				GCC_WARN_UNUSED_FUNCTION = YES;
				GCC_WARN_UNUSED_VARIABLE = YES;
				IPHONEOS_DEPLOYMENT_TARGET = 17.5;
				LOCALIZATION_PREFERS_STRING_CATALOGS = YES;
				MTL_ENABLE_DEBUG_INFO = INCLUDE_SOURCE;
				MTL_FAST_MATH = YES;
				ONLY_ACTIVE_ARCH = YES;
				SDKROOT = iphoneos;
				SWIFT_ACTIVE_COMPILATION_CONDITIONS = "DEBUG $(inherited)";
				SWIFT_OPTIMIZATION_LEVEL = "-Onone";
			};
			name = Debug;
		};
		EFE944B72CED8B2700E3BD75 /* Release */ = {
			isa = XCBuildConfiguration;
			buildSettings = {
				ALWAYS_SEARCH_USER_PATHS = NO;
				ASSETCATALOG_COMPILER_GENERATE_SWIFT_ASSET_SYMBOL_EXTENSIONS = YES;
				CLANG_ANALYZER_NONNULL = YES;
				CLANG_ANALYZER_NUMBER_OBJECT_CONVERSION = YES_AGGRESSIVE;
				CLANG_CXX_LANGUAGE_STANDARD = "gnu++20";
				CLANG_ENABLE_MODULES = YES;
				CLANG_ENABLE_OBJC_ARC = YES;
				CLANG_ENABLE_OBJC_WEAK = YES;
				CLANG_WARN_BLOCK_CAPTURE_AUTORELEASING = YES;
				CLANG_WARN_BOOL_CONVERSION = YES;
				CLANG_WARN_COMMA = YES;
				CLANG_WARN_CONSTANT_CONVERSION = YES;
				CLANG_WARN_DEPRECATED_OBJC_IMPLEMENTATIONS = YES;
				CLANG_WARN_DIRECT_OBJC_ISA_USAGE = YES_ERROR;
				CLANG_WARN_DOCUMENTATION_COMMENTS = YES;
				CLANG_WARN_EMPTY_BODY = YES;
				CLANG_WARN_ENUM_CONVERSION = YES;
				CLANG_WARN_INFINITE_RECURSION = YES;
				CLANG_WARN_INT_CONVERSION = YES;
				CLANG_WARN_NON_LITERAL_NULL_CONVERSION = YES;
				CLANG_WARN_OBJC_IMPLICIT_RETAIN_SELF = YES;
				CLANG_WARN_OBJC_LITERAL_CONVERSION = YES;
				CLANG_WARN_OBJC_ROOT_CLASS = YES_ERROR;
				CLANG_WARN_QUOTED_INCLUDE_IN_FRAMEWORK_HEADER = YES;
				CLANG_WARN_RANGE_LOOP_ANALYSIS = YES;
				CLANG_WARN_STRICT_PROTOTYPES = YES;
				CLANG_WARN_SUSPICIOUS_MOVE = YES;
				CLANG_WARN_UNGUARDED_AVAILABILITY = YES_AGGRESSIVE;
				CLANG_WARN_UNREACHABLE_CODE = YES;
				CLANG_WARN__DUPLICATE_METHOD_MATCH = YES;
				COPY_PHASE_STRIP = NO;
				DEBUG_INFORMATION_FORMAT = "dwarf-with-dsym";
				ENABLE_NS_ASSERTIONS = NO;
				ENABLE_STRICT_OBJC_MSGSEND = YES;
				ENABLE_USER_SCRIPT_SANDBOXING = YES;
				GCC_C_LANGUAGE_STANDARD = gnu17;
				GCC_NO_COMMON_BLOCKS = YES;
				GCC_WARN_64_TO_32_BIT_CONVERSION = YES;
				GCC_WARN_ABOUT_RETURN_TYPE = YES_ERROR;
				GCC_WARN_UNDECLARED_SELECTOR = YES;
				GCC_WARN_UNINITIALIZED_AUTOS = YES_AGGRESSIVE;
				GCC_WARN_UNUSED_FUNCTION = YES;
				GCC_WARN_UNUSED_VARIABLE = YES;
				IPHONEOS_DEPLOYMENT_TARGET = 17.5;
				LOCALIZATION_PREFERS_STRING_CATALOGS = YES;
				MTL_ENABLE_DEBUG_INFO = NO;
				MTL_FAST_MATH = YES;
				SDKROOT = iphoneos;
				SWIFT_COMPILATION_MODE = wholemodule;
				VALIDATE_PRODUCT = YES;
			};
			name = Release;
		};
		EFE944B92CED8B2700E3BD75 /* Debug */ = {
			isa = XCBuildConfiguration;
			buildSettings = {
				ASSETCATALOG_COMPILER_APPICON_NAME = AppIcon;
				ASSETCATALOG_COMPILER_GLOBAL_ACCENT_COLOR_NAME = AccentColor;
				CODE_SIGN_STYLE = Automatic;
				CURRENT_PROJECT_VERSION = 1;
				DEVELOPMENT_TEAM = KQ87GPXAXK;
				GENERATE_INFOPLIST_FILE = YES;
				INFOPLIST_FILE = PeteBJJCompApp/Info.plist;
				INFOPLIST_KEY_UIApplicationSupportsIndirectInputEvents = YES;
				INFOPLIST_KEY_UILaunchStoryboardName = LaunchScreen;
				INFOPLIST_KEY_UIMainStoryboardFile = Main;
				INFOPLIST_KEY_UISupportedInterfaceOrientations = UIInterfaceOrientationPortrait;
				INFOPLIST_KEY_UISupportedInterfaceOrientations_iPad = "UIInterfaceOrientationPortrait UIInterfaceOrientationPortraitUpsideDown";
				LD_RUNPATH_SEARCH_PATHS = (
					"$(inherited)",
					"@executable_path/Frameworks",
				);
				MARKETING_VERSION = 1.0;
				PRODUCT_BUNDLE_IDENTIFIER = com.vincethecoder.PeteBJJCompApp;
				PRODUCT_NAME = "$(TARGET_NAME)";
				SWIFT_EMIT_LOC_STRINGS = YES;
				SWIFT_VERSION = 5.0;
				TARGETED_DEVICE_FAMILY = "1,2";
			};
			name = Debug;
		};
		EFE944BA2CED8B2700E3BD75 /* Release */ = {
			isa = XCBuildConfiguration;
			buildSettings = {
				ASSETCATALOG_COMPILER_APPICON_NAME = AppIcon;
				ASSETCATALOG_COMPILER_GLOBAL_ACCENT_COLOR_NAME = AccentColor;
				CODE_SIGN_STYLE = Automatic;
				CURRENT_PROJECT_VERSION = 1;
				DEVELOPMENT_TEAM = KQ87GPXAXK;
				GENERATE_INFOPLIST_FILE = YES;
				INFOPLIST_FILE = PeteBJJCompApp/Info.plist;
				INFOPLIST_KEY_UIApplicationSupportsIndirectInputEvents = YES;
				INFOPLIST_KEY_UILaunchStoryboardName = LaunchScreen;
				INFOPLIST_KEY_UIMainStoryboardFile = Main;
				INFOPLIST_KEY_UISupportedInterfaceOrientations = UIInterfaceOrientationPortrait;
				INFOPLIST_KEY_UISupportedInterfaceOrientations_iPad = "UIInterfaceOrientationPortrait UIInterfaceOrientationPortraitUpsideDown";
				LD_RUNPATH_SEARCH_PATHS = (
					"$(inherited)",
					"@executable_path/Frameworks",
				);
				MARKETING_VERSION = 1.0;
				PRODUCT_BUNDLE_IDENTIFIER = com.vincethecoder.PeteBJJCompApp;
				PRODUCT_NAME = "$(TARGET_NAME)";
				SWIFT_EMIT_LOC_STRINGS = YES;
				SWIFT_VERSION = 5.0;
				TARGETED_DEVICE_FAMILY = "1,2";
			};
			name = Release;
		};
/* End XCBuildConfiguration section */

/* Begin XCConfigurationList section */
		EFE9449F2CED8B2600E3BD75 /* Build configuration list for PBXProject "PeteBJJCompApp" */ = {
			isa = XCConfigurationList;
			buildConfigurations = (
				EFE944B62CED8B2700E3BD75 /* Debug */,
				EFE944B72CED8B2700E3BD75 /* Release */,
			);
			defaultConfigurationIsVisible = 0;
			defaultConfigurationName = Release;
		};
		EFE944B82CED8B2700E3BD75 /* Build configuration list for PBXNativeTarget "PeteBJJCompApp" */ = {
			isa = XCConfigurationList;
			buildConfigurations = (
				EFE944B92CED8B2700E3BD75 /* Debug */,
				EFE944BA2CED8B2700E3BD75 /* Release */,
			);
			defaultConfigurationIsVisible = 0;
			defaultConfigurationName = Release;
		};
/* End XCConfigurationList section */
	};
	rootObject = EFE9449C2CED8B2600E3BD75 /* Project object */;
}
